// !$*UTF8*$!
{
	archiveVersion = 1;
	classes = {
	};
	objectVersion = 54;
	objects = {

/* Begin PBXBuildFile section */
		3587141AE29D40DF48A6B9A8 /* Pods_phincon_attendance_appTests.framework in Frameworks */ = {isa = PBXBuildFile; fileRef = 4E22C749AE0EFD083BBC070A /* Pods_phincon_attendance_appTests.framework */; };
		360B0F8627FBCE9000CB9CEC /* ResponseServer.swift in Sources */ = {isa = PBXBuildFile; fileRef = 360B0F8527FBCE9000CB9CEC /* ResponseServer.swift */; };
		36174EBA281678A400F538B3 /* SplashScreenPresenter.swift in Sources */ = {isa = PBXBuildFile; fileRef = 36174EB4281678A400F538B3 /* SplashScreenPresenter.swift */; };
		36174EBB281678A400F538B3 /* SplashScreenWorker.swift in Sources */ = {isa = PBXBuildFile; fileRef = 36174EB5281678A400F538B3 /* SplashScreenWorker.swift */; };
		36174EBC281678A400F538B3 /* SplashScreenRouter.swift in Sources */ = {isa = PBXBuildFile; fileRef = 36174EB6281678A400F538B3 /* SplashScreenRouter.swift */; };
		36174EBD281678A400F538B3 /* SplashScreenModels.swift in Sources */ = {isa = PBXBuildFile; fileRef = 36174EB7281678A400F538B3 /* SplashScreenModels.swift */; };
		36174EBE281678A400F538B3 /* SplashScreenVC.swift in Sources */ = {isa = PBXBuildFile; fileRef = 36174EB8281678A400F538B3 /* SplashScreenVC.swift */; };
		36174EBF281678A400F538B3 /* SplashScreenInteractor.swift in Sources */ = {isa = PBXBuildFile; fileRef = 36174EB9281678A400F538B3 /* SplashScreenInteractor.swift */; };
		36174EC128167BFC00F538B3 /* SplashScreen.swift in Sources */ = {isa = PBXBuildFile; fileRef = 36174EC028167BFC00F538B3 /* SplashScreen.swift */; };
		362497CF27F8293000CD04FF /* ConstantAPI.swift in Sources */ = {isa = PBXBuildFile; fileRef = 362497CE27F8293000CD04FF /* ConstantAPI.swift */; };
		362497D127F830B800CD04FF /* BaseAPI.swift in Sources */ = {isa = PBXBuildFile; fileRef = 362497D027F830B800CD04FF /* BaseAPI.swift */; };
		362497D527F845E800CD04FF /* TargetType.swift in Sources */ = {isa = PBXBuildFile; fileRef = 362497D427F845E800CD04FF /* TargetType.swift */; };
		362497D727F84DE000CD04FF /* RouterAPI.swift in Sources */ = {isa = PBXBuildFile; fileRef = 362497D627F84DE000CD04FF /* RouterAPI.swift */; };
		362497D927F8507800CD04FF /* ClientAPI.swift in Sources */ = {isa = PBXBuildFile; fileRef = 362497D827F8507800CD04FF /* ClientAPI.swift */; };
		362D594A27E9B7FF0022C094 /* HistoryPresenter.swift in Sources */ = {isa = PBXBuildFile; fileRef = 362D594427E9B7FF0022C094 /* HistoryPresenter.swift */; };
		362D594B27E9B7FF0022C094 /* HistoryWorker.swift in Sources */ = {isa = PBXBuildFile; fileRef = 362D594527E9B7FF0022C094 /* HistoryWorker.swift */; };
		362D594C27E9B7FF0022C094 /* HistoryRouter.swift in Sources */ = {isa = PBXBuildFile; fileRef = 362D594627E9B7FF0022C094 /* HistoryRouter.swift */; };
		362D594D27E9B7FF0022C094 /* HistoryModels.swift in Sources */ = {isa = PBXBuildFile; fileRef = 362D594727E9B7FF0022C094 /* HistoryModels.swift */; };
		362D594E27E9B7FF0022C094 /* HistoryViewController.swift in Sources */ = {isa = PBXBuildFile; fileRef = 362D594827E9B7FF0022C094 /* HistoryViewController.swift */; };
		362D594F27E9B7FF0022C094 /* HistoryInteractor.swift in Sources */ = {isa = PBXBuildFile; fileRef = 362D594927E9B7FF0022C094 /* HistoryInteractor.swift */; };
		364B5E62281156D90019B3C5 /* Connectivity.swift in Sources */ = {isa = PBXBuildFile; fileRef = 364B5E61281156D90019B3C5 /* Connectivity.swift */; };
		3674EEDE27F3088F00662D8F /* NotificationPresenter.swift in Sources */ = {isa = PBXBuildFile; fileRef = 3674EED827F3088F00662D8F /* NotificationPresenter.swift */; };
		3674EEDF27F3088F00662D8F /* NotificationWorker.swift in Sources */ = {isa = PBXBuildFile; fileRef = 3674EED927F3088F00662D8F /* NotificationWorker.swift */; };
		3674EEE027F3088F00662D8F /* NotificationRouter.swift in Sources */ = {isa = PBXBuildFile; fileRef = 3674EEDA27F3088F00662D8F /* NotificationRouter.swift */; };
		3674EEE127F3088F00662D8F /* NotificationModels.swift in Sources */ = {isa = PBXBuildFile; fileRef = 3674EEDB27F3088F00662D8F /* NotificationModels.swift */; };
		3674EEE227F3088F00662D8F /* NotificationViewController.swift in Sources */ = {isa = PBXBuildFile; fileRef = 3674EEDC27F3088F00662D8F /* NotificationViewController.swift */; };
		3674EEE327F3088F00662D8F /* NotificationInteractor.swift in Sources */ = {isa = PBXBuildFile; fileRef = 3674EEDD27F3088F00662D8F /* NotificationInteractor.swift */; };
		3674EEE727F30B2700662D8F /* NotificationTableViewCell.swift in Sources */ = {isa = PBXBuildFile; fileRef = 3674EEE527F30B2700662D8F /* NotificationTableViewCell.swift */; };
		3674EEE827F30B2700662D8F /* NotificationTableViewCell.xib in Resources */ = {isa = PBXBuildFile; fileRef = 3674EEE627F30B2700662D8F /* NotificationTableViewCell.xib */; };
		3674EEEA27F3714B00662D8F /* Notification.swift in Sources */ = {isa = PBXBuildFile; fileRef = 3674EEE927F3714B00662D8F /* Notification.swift */; };
		36AF818427FD4CE2009D84A2 /* ImageUtils.swift in Sources */ = {isa = PBXBuildFile; fileRef = 36AF818327FD4CE1009D84A2 /* ImageUtils.swift */; };
		36C584C127FEF20200442181 /* Users.swift in Sources */ = {isa = PBXBuildFile; fileRef = 36C584C027FEF20200442181 /* Users.swift */; };
		36DC385C27DA553600EC4164 /* OnboardingCollectionViewCell.swift in Sources */ = {isa = PBXBuildFile; fileRef = 36DC385A27DA553600EC4164 /* OnboardingCollectionViewCell.swift */; };
		36DC385D27DA553600EC4164 /* OnboardingCollectionViewCell.xib in Resources */ = {isa = PBXBuildFile; fileRef = 36DC385B27DA553600EC4164 /* OnboardingCollectionViewCell.xib */; };
		36DC385F27DA630600EC4164 /* Onboarding.swift in Sources */ = {isa = PBXBuildFile; fileRef = 36DC385E27DA630600EC4164 /* Onboarding.swift */; };
		36EA25C427EC0F050094876E /* OnBoardingPresenter.swift in Sources */ = {isa = PBXBuildFile; fileRef = 36EA25BF27EC0F040094876E /* OnBoardingPresenter.swift */; };
		36EA25C527EC0F050094876E /* OnBoardingWorker.swift in Sources */ = {isa = PBXBuildFile; fileRef = 36EA25C027EC0F040094876E /* OnBoardingWorker.swift */; };
		36EA25C627EC0F050094876E /* OnBoardingRouter.swift in Sources */ = {isa = PBXBuildFile; fileRef = 36EA25C127EC0F040094876E /* OnBoardingRouter.swift */; };
		36EA25C727EC0F050094876E /* OnBoardingModels.swift in Sources */ = {isa = PBXBuildFile; fileRef = 36EA25C227EC0F040094876E /* OnBoardingModels.swift */; };
		36EA25C827EC0F050094876E /* OnBoardingInteractor.swift in Sources */ = {isa = PBXBuildFile; fileRef = 36EA25C327EC0F050094876E /* OnBoardingInteractor.swift */; };
		36EA25CA27EC0F400094876E /* OnBoardingViewController.swift in Sources */ = {isa = PBXBuildFile; fileRef = 36EA25C927EC0F400094876E /* OnBoardingViewController.swift */; };
		36EA25D127EC45580094876E /* DashboardPresenter.swift in Sources */ = {isa = PBXBuildFile; fileRef = 36EA25CB27EC45580094876E /* DashboardPresenter.swift */; };
		36EA25D227EC45580094876E /* DashboardWorker.swift in Sources */ = {isa = PBXBuildFile; fileRef = 36EA25CC27EC45580094876E /* DashboardWorker.swift */; };
		36EA25D327EC45580094876E /* DashboardRouter.swift in Sources */ = {isa = PBXBuildFile; fileRef = 36EA25CD27EC45580094876E /* DashboardRouter.swift */; };
		36EA25D427EC45580094876E /* DashboardModels.swift in Sources */ = {isa = PBXBuildFile; fileRef = 36EA25CE27EC45580094876E /* DashboardModels.swift */; };
		36EA25D527EC45580094876E /* DashboardViewController.swift in Sources */ = {isa = PBXBuildFile; fileRef = 36EA25CF27EC45580094876E /* DashboardViewController.swift */; };
		36EA25D627EC45580094876E /* DashboardInteractor.swift in Sources */ = {isa = PBXBuildFile; fileRef = 36EA25D027EC45580094876E /* DashboardInteractor.swift */; };
		36EE8BB527E02744006EB567 /* HistoryTableViewCell.swift in Sources */ = {isa = PBXBuildFile; fileRef = 36EE8BB327E02744006EB567 /* HistoryTableViewCell.swift */; };
		36EE8BB627E02744006EB567 /* HistoryTableViewCell.xib in Resources */ = {isa = PBXBuildFile; fileRef = 36EE8BB427E02744006EB567 /* HistoryTableViewCell.xib */; };
		36F0CE8827DF8126001469CC /* DashboardTableCell.swift in Sources */ = {isa = PBXBuildFile; fileRef = 36F0CE8627DF8126001469CC /* DashboardTableCell.swift */; };
		36F0CE8927DF8126001469CC /* DashboardTableCell.xib in Resources */ = {isa = PBXBuildFile; fileRef = 36F0CE8727DF8126001469CC /* DashboardTableCell.xib */; };
		36F0CE8C27DF8ACB001469CC /* Checkin.swift in Sources */ = {isa = PBXBuildFile; fileRef = 36F0CE8B27DF8ACB001469CC /* Checkin.swift */; };
		36F0CE9627DFAAD5001469CC /* DayFilterCollViewCell.swift in Sources */ = {isa = PBXBuildFile; fileRef = 36F0CE9427DFAAD5001469CC /* DayFilterCollViewCell.swift */; };
		36F0CE9727DFAAD5001469CC /* DayFilterCollViewCell.xib in Resources */ = {isa = PBXBuildFile; fileRef = 36F0CE9527DFAAD5001469CC /* DayFilterCollViewCell.xib */; };
		36F0CE9A27DFAC56001469CC /* History.swift in Sources */ = {isa = PBXBuildFile; fileRef = 36F0CE9927DFAC56001469CC /* History.swift */; };
		5A343D0BE739D204ED5F7AAD /* Pods_phincon_attendance_app.framework in Frameworks */ = {isa = PBXBuildFile; fileRef = 1EE6FC7CC5BDDB490048CE4F /* Pods_phincon_attendance_app.framework */; };
		9595050527D9BE25005741CA /* AppDelegate.swift in Sources */ = {isa = PBXBuildFile; fileRef = 9595050427D9BE25005741CA /* AppDelegate.swift */; };
		9595050727D9BE25005741CA /* SceneDelegate.swift in Sources */ = {isa = PBXBuildFile; fileRef = 9595050627D9BE25005741CA /* SceneDelegate.swift */; };
		9595050C27D9BE25005741CA /* Main.storyboard in Resources */ = {isa = PBXBuildFile; fileRef = 9595050A27D9BE25005741CA /* Main.storyboard */; };
		9595050F27D9BE25005741CA /* phincon_attendance_app.xcdatamodeld in Sources */ = {isa = PBXBuildFile; fileRef = 9595050D27D9BE25005741CA /* phincon_attendance_app.xcdatamodeld */; };
		9595051127D9BE29005741CA /* Assets.xcassets in Resources */ = {isa = PBXBuildFile; fileRef = 9595051027D9BE29005741CA /* Assets.xcassets */; };
		9595051427D9BE29005741CA /* LaunchScreen.storyboard in Resources */ = {isa = PBXBuildFile; fileRef = 9595051227D9BE29005741CA /* LaunchScreen.storyboard */; };
		9595051F27D9BE2A005741CA /* phincon_attendance_appTests.swift in Sources */ = {isa = PBXBuildFile; fileRef = 9595051E27D9BE2A005741CA /* phincon_attendance_appTests.swift */; };
		9595052A27D9BE2A005741CA /* phincon_attendance_appUITests.swift in Sources */ = {isa = PBXBuildFile; fileRef = 9595052927D9BE2A005741CA /* phincon_attendance_appUITests.swift */; };
		E2094B4A27ECB19F00A379D9 /* Profile.swift in Sources */ = {isa = PBXBuildFile; fileRef = E2094B4927ECB19F00A379D9 /* Profile.swift */; };
		E22DF2E327F3369100336B89 /* ColorUtils.swift in Sources */ = {isa = PBXBuildFile; fileRef = E22DF2E227F3369100336B89 /* ColorUtils.swift */; };
		E2673FEA27F6E69E006E3887 /* ForgotPasswordPresenter.swift in Sources */ = {isa = PBXBuildFile; fileRef = E2673FE427F6E69E006E3887 /* ForgotPasswordPresenter.swift */; };
		E2673FEB27F6E69E006E3887 /* ForgotPasswordWorker.swift in Sources */ = {isa = PBXBuildFile; fileRef = E2673FE527F6E69E006E3887 /* ForgotPasswordWorker.swift */; };
		E2673FEC27F6E69E006E3887 /* ForgotPasswordRouter.swift in Sources */ = {isa = PBXBuildFile; fileRef = E2673FE627F6E69E006E3887 /* ForgotPasswordRouter.swift */; };
		E2673FED27F6E69E006E3887 /* ForgotPasswordModels.swift in Sources */ = {isa = PBXBuildFile; fileRef = E2673FE727F6E69E006E3887 /* ForgotPasswordModels.swift */; };
		E2673FEE27F6E69E006E3887 /* ForgotPasswordViewController.swift in Sources */ = {isa = PBXBuildFile; fileRef = E2673FE827F6E69E006E3887 /* ForgotPasswordViewController.swift */; };
		E2673FEF27F6E69E006E3887 /* ForgotPasswordInteractor.swift in Sources */ = {isa = PBXBuildFile; fileRef = E2673FE927F6E69E006E3887 /* ForgotPasswordInteractor.swift */; };
		E2673FF727F6E6E1006E3887 /* RegisterPresenter.swift in Sources */ = {isa = PBXBuildFile; fileRef = E2673FF127F6E6E1006E3887 /* RegisterPresenter.swift */; };
		E2673FF827F6E6E1006E3887 /* RegisterWorker.swift in Sources */ = {isa = PBXBuildFile; fileRef = E2673FF227F6E6E1006E3887 /* RegisterWorker.swift */; };
		E2673FF927F6E6E1006E3887 /* RegisterRouter.swift in Sources */ = {isa = PBXBuildFile; fileRef = E2673FF327F6E6E1006E3887 /* RegisterRouter.swift */; };
		E2673FFA27F6E6E1006E3887 /* RegisterModels.swift in Sources */ = {isa = PBXBuildFile; fileRef = E2673FF427F6E6E1006E3887 /* RegisterModels.swift */; };
		E2673FFB27F6E6E1006E3887 /* RegisterViewController.swift in Sources */ = {isa = PBXBuildFile; fileRef = E2673FF527F6E6E1006E3887 /* RegisterViewController.swift */; };
		E2673FFC27F6E6E1006E3887 /* RegisterInteractor.swift in Sources */ = {isa = PBXBuildFile; fileRef = E2673FF627F6E6E1006E3887 /* RegisterInteractor.swift */; };
		E2A60F2927EB036B001BEE6D /* LoginPresenter.swift in Sources */ = {isa = PBXBuildFile; fileRef = E2A60F2327EB036B001BEE6D /* LoginPresenter.swift */; };
		E2A60F2A27EB036B001BEE6D /* LoginWorker.swift in Sources */ = {isa = PBXBuildFile; fileRef = E2A60F2427EB036B001BEE6D /* LoginWorker.swift */; };
		E2A60F2B27EB036B001BEE6D /* LoginRouter.swift in Sources */ = {isa = PBXBuildFile; fileRef = E2A60F2527EB036B001BEE6D /* LoginRouter.swift */; };
		E2A60F2C27EB036B001BEE6D /* LoginModels.swift in Sources */ = {isa = PBXBuildFile; fileRef = E2A60F2627EB036B001BEE6D /* LoginModels.swift */; };
		E2A60F2D27EB036B001BEE6D /* LoginViewController.swift in Sources */ = {isa = PBXBuildFile; fileRef = E2A60F2727EB036B001BEE6D /* LoginViewController.swift */; };
		E2A60F2E27EB036B001BEE6D /* LoginInteractor.swift in Sources */ = {isa = PBXBuildFile; fileRef = E2A60F2827EB036B001BEE6D /* LoginInteractor.swift */; };
		E2D75EDC27F3E65B002F88A2 /* EditProfilePresenter.swift in Sources */ = {isa = PBXBuildFile; fileRef = E2D75ED627F3E65B002F88A2 /* EditProfilePresenter.swift */; };
		E2D75EDD27F3E65B002F88A2 /* EditProfileWorker.swift in Sources */ = {isa = PBXBuildFile; fileRef = E2D75ED727F3E65B002F88A2 /* EditProfileWorker.swift */; };
		E2D75EDE27F3E65B002F88A2 /* EditProfileRouter.swift in Sources */ = {isa = PBXBuildFile; fileRef = E2D75ED827F3E65B002F88A2 /* EditProfileRouter.swift */; };
		E2D75EDF27F3E65B002F88A2 /* EditProfileModels.swift in Sources */ = {isa = PBXBuildFile; fileRef = E2D75ED927F3E65B002F88A2 /* EditProfileModels.swift */; };
		E2D75EE027F3E65B002F88A2 /* EditProfileViewController.swift in Sources */ = {isa = PBXBuildFile; fileRef = E2D75EDA27F3E65B002F88A2 /* EditProfileViewController.swift */; };
		E2D75EE127F3E65B002F88A2 /* EditProfileInteractor.swift in Sources */ = {isa = PBXBuildFile; fileRef = E2D75EDB27F3E65B002F88A2 /* EditProfileInteractor.swift */; };
		E2D75EE427F3F79C002F88A2 /* ProfilePictureTableViewCell.swift in Sources */ = {isa = PBXBuildFile; fileRef = E2D75EE227F3F79C002F88A2 /* ProfilePictureTableViewCell.swift */; };
		E2D75EE527F3F79C002F88A2 /* ProfilePictureTableViewCell.xib in Resources */ = {isa = PBXBuildFile; fileRef = E2D75EE327F3F79C002F88A2 /* ProfilePictureTableViewCell.xib */; };
		E2D75EEB27F40E62002F88A2 /* EditProfileTableViewCell.swift in Sources */ = {isa = PBXBuildFile; fileRef = E2D75EE927F40E62002F88A2 /* EditProfileTableViewCell.swift */; };
		E2D75EEC27F40E62002F88A2 /* EditProfileTableViewCell.xib in Resources */ = {isa = PBXBuildFile; fileRef = E2D75EEA27F40E62002F88A2 /* EditProfileTableViewCell.xib */; };
		E2D75EEE27F41379002F88A2 /* EditProfile.swift in Sources */ = {isa = PBXBuildFile; fileRef = E2D75EED27F41379002F88A2 /* EditProfile.swift */; };
		E2FAE33F27EB730F00D97493 /* ProfilPresenter.swift in Sources */ = {isa = PBXBuildFile; fileRef = E2FAE33927EB730F00D97493 /* ProfilPresenter.swift */; };
		E2FAE34027EB730F00D97493 /* ProfilWorker.swift in Sources */ = {isa = PBXBuildFile; fileRef = E2FAE33A27EB730F00D97493 /* ProfilWorker.swift */; };
		E2FAE34127EB730F00D97493 /* ProfilRouter.swift in Sources */ = {isa = PBXBuildFile; fileRef = E2FAE33B27EB730F00D97493 /* ProfilRouter.swift */; };
		E2FAE34227EB730F00D97493 /* ProfilModels.swift in Sources */ = {isa = PBXBuildFile; fileRef = E2FAE33C27EB730F00D97493 /* ProfilModels.swift */; };
		E2FAE34327EB730F00D97493 /* ProfilViewController.swift in Sources */ = {isa = PBXBuildFile; fileRef = E2FAE33D27EB730F00D97493 /* ProfilViewController.swift */; };
		E2FAE34427EB730F00D97493 /* ProfilInteractor.swift in Sources */ = {isa = PBXBuildFile; fileRef = E2FAE33E27EB730F00D97493 /* ProfilInteractor.swift */; };
		E2FAE34927EB744C00D97493 /* ProfilTableViewCell.swift in Sources */ = {isa = PBXBuildFile; fileRef = E2FAE34727EB744C00D97493 /* ProfilTableViewCell.swift */; };
		E2FAE34A27EB744C00D97493 /* ProfilTableViewCell.xib in Resources */ = {isa = PBXBuildFile; fileRef = E2FAE34827EB744C00D97493 /* ProfilTableViewCell.xib */; };
		F1FD6F150B2F3C6169E3DF6E /* Pods_phincon_attendance_app_phincon_attendance_appUITests.framework in Frameworks */ = {isa = PBXBuildFile; fileRef = CC20E7466C5C25EB98FD2F48 /* Pods_phincon_attendance_app_phincon_attendance_appUITests.framework */; };
/* End PBXBuildFile section */

/* Begin PBXContainerItemProxy section */
		9595051B27D9BE2A005741CA /* PBXContainerItemProxy */ = {
			isa = PBXContainerItemProxy;
			containerPortal = 959504F927D9BE25005741CA /* Project object */;
			proxyType = 1;
			remoteGlobalIDString = 9595050027D9BE25005741CA;
			remoteInfo = "phincon-attendance-app";
		};
		9595052627D9BE2A005741CA /* PBXContainerItemProxy */ = {
			isa = PBXContainerItemProxy;
			containerPortal = 959504F927D9BE25005741CA /* Project object */;
			proxyType = 1;
			remoteGlobalIDString = 9595050027D9BE25005741CA;
			remoteInfo = "phincon-attendance-app";
		};
/* End PBXContainerItemProxy section */

/* Begin PBXFileReference section */
		1C6F4943F0B33986A066F3D1 /* Pods-phincon-attendance-app-phincon-attendance-appUITests.release.xcconfig */ = {isa = PBXFileReference; includeInIndex = 1; lastKnownFileType = text.xcconfig; name = "Pods-phincon-attendance-app-phincon-attendance-appUITests.release.xcconfig"; path = "Target Support Files/Pods-phincon-attendance-app-phincon-attendance-appUITests/Pods-phincon-attendance-app-phincon-attendance-appUITests.release.xcconfig"; sourceTree = "<group>"; };
		1EE6FC7CC5BDDB490048CE4F /* Pods_phincon_attendance_app.framework */ = {isa = PBXFileReference; explicitFileType = wrapper.framework; includeInIndex = 0; path = Pods_phincon_attendance_app.framework; sourceTree = BUILT_PRODUCTS_DIR; };
		360B0F8527FBCE9000CB9CEC /* ResponseServer.swift */ = {isa = PBXFileReference; lastKnownFileType = sourcecode.swift; path = ResponseServer.swift; sourceTree = "<group>"; };
		36174EB4281678A400F538B3 /* SplashScreenPresenter.swift */ = {isa = PBXFileReference; lastKnownFileType = sourcecode.swift; path = SplashScreenPresenter.swift; sourceTree = "<group>"; };
		36174EB5281678A400F538B3 /* SplashScreenWorker.swift */ = {isa = PBXFileReference; lastKnownFileType = sourcecode.swift; path = SplashScreenWorker.swift; sourceTree = "<group>"; };
		36174EB6281678A400F538B3 /* SplashScreenRouter.swift */ = {isa = PBXFileReference; lastKnownFileType = sourcecode.swift; path = SplashScreenRouter.swift; sourceTree = "<group>"; };
		36174EB7281678A400F538B3 /* SplashScreenModels.swift */ = {isa = PBXFileReference; lastKnownFileType = sourcecode.swift; path = SplashScreenModels.swift; sourceTree = "<group>"; };
		36174EB8281678A400F538B3 /* SplashScreenVC.swift */ = {isa = PBXFileReference; lastKnownFileType = sourcecode.swift; path = SplashScreenVC.swift; sourceTree = "<group>"; };
		36174EB9281678A400F538B3 /* SplashScreenInteractor.swift */ = {isa = PBXFileReference; lastKnownFileType = sourcecode.swift; path = SplashScreenInteractor.swift; sourceTree = "<group>"; };
		36174EC028167BFC00F538B3 /* SplashScreen.swift */ = {isa = PBXFileReference; lastKnownFileType = sourcecode.swift; path = SplashScreen.swift; sourceTree = "<group>"; };
		362497CE27F8293000CD04FF /* ConstantAPI.swift */ = {isa = PBXFileReference; lastKnownFileType = sourcecode.swift; path = ConstantAPI.swift; sourceTree = "<group>"; };
		362497D027F830B800CD04FF /* BaseAPI.swift */ = {isa = PBXFileReference; lastKnownFileType = sourcecode.swift; path = BaseAPI.swift; sourceTree = "<group>"; };
		362497D427F845E800CD04FF /* TargetType.swift */ = {isa = PBXFileReference; lastKnownFileType = sourcecode.swift; path = TargetType.swift; sourceTree = "<group>"; };
		362497D627F84DE000CD04FF /* RouterAPI.swift */ = {isa = PBXFileReference; lastKnownFileType = sourcecode.swift; path = RouterAPI.swift; sourceTree = "<group>"; };
		362497D827F8507800CD04FF /* ClientAPI.swift */ = {isa = PBXFileReference; lastKnownFileType = sourcecode.swift; path = ClientAPI.swift; sourceTree = "<group>"; };
		362D594427E9B7FF0022C094 /* HistoryPresenter.swift */ = {isa = PBXFileReference; lastKnownFileType = sourcecode.swift; path = HistoryPresenter.swift; sourceTree = "<group>"; };
		362D594527E9B7FF0022C094 /* HistoryWorker.swift */ = {isa = PBXFileReference; lastKnownFileType = sourcecode.swift; path = HistoryWorker.swift; sourceTree = "<group>"; };
		362D594627E9B7FF0022C094 /* HistoryRouter.swift */ = {isa = PBXFileReference; lastKnownFileType = sourcecode.swift; path = HistoryRouter.swift; sourceTree = "<group>"; };
		362D594727E9B7FF0022C094 /* HistoryModels.swift */ = {isa = PBXFileReference; lastKnownFileType = sourcecode.swift; path = HistoryModels.swift; sourceTree = "<group>"; };
		362D594827E9B7FF0022C094 /* HistoryViewController.swift */ = {isa = PBXFileReference; lastKnownFileType = sourcecode.swift; path = HistoryViewController.swift; sourceTree = "<group>"; };
		362D594927E9B7FF0022C094 /* HistoryInteractor.swift */ = {isa = PBXFileReference; lastKnownFileType = sourcecode.swift; path = HistoryInteractor.swift; sourceTree = "<group>"; };
		364B5E61281156D90019B3C5 /* Connectivity.swift */ = {isa = PBXFileReference; lastKnownFileType = sourcecode.swift; path = Connectivity.swift; sourceTree = "<group>"; };
		3674EED827F3088F00662D8F /* NotificationPresenter.swift */ = {isa = PBXFileReference; lastKnownFileType = sourcecode.swift; path = NotificationPresenter.swift; sourceTree = "<group>"; };
		3674EED927F3088F00662D8F /* NotificationWorker.swift */ = {isa = PBXFileReference; lastKnownFileType = sourcecode.swift; path = NotificationWorker.swift; sourceTree = "<group>"; };
		3674EEDA27F3088F00662D8F /* NotificationRouter.swift */ = {isa = PBXFileReference; lastKnownFileType = sourcecode.swift; path = NotificationRouter.swift; sourceTree = "<group>"; };
		3674EEDB27F3088F00662D8F /* NotificationModels.swift */ = {isa = PBXFileReference; lastKnownFileType = sourcecode.swift; path = NotificationModels.swift; sourceTree = "<group>"; };
		3674EEDC27F3088F00662D8F /* NotificationViewController.swift */ = {isa = PBXFileReference; lastKnownFileType = sourcecode.swift; path = NotificationViewController.swift; sourceTree = "<group>"; };
		3674EEDD27F3088F00662D8F /* NotificationInteractor.swift */ = {isa = PBXFileReference; lastKnownFileType = sourcecode.swift; path = NotificationInteractor.swift; sourceTree = "<group>"; };
		3674EEE527F30B2700662D8F /* NotificationTableViewCell.swift */ = {isa = PBXFileReference; lastKnownFileType = sourcecode.swift; path = NotificationTableViewCell.swift; sourceTree = "<group>"; };
		3674EEE627F30B2700662D8F /* NotificationTableViewCell.xib */ = {isa = PBXFileReference; lastKnownFileType = file.xib; path = NotificationTableViewCell.xib; sourceTree = "<group>"; };
		3674EEE927F3714B00662D8F /* Notification.swift */ = {isa = PBXFileReference; lastKnownFileType = sourcecode.swift; path = Notification.swift; sourceTree = "<group>"; };
		36AF818327FD4CE1009D84A2 /* ImageUtils.swift */ = {isa = PBXFileReference; lastKnownFileType = sourcecode.swift; path = ImageUtils.swift; sourceTree = "<group>"; };
		36C584C027FEF20200442181 /* Users.swift */ = {isa = PBXFileReference; lastKnownFileType = sourcecode.swift; path = Users.swift; sourceTree = "<group>"; };
		36DC385A27DA553600EC4164 /* OnboardingCollectionViewCell.swift */ = {isa = PBXFileReference; lastKnownFileType = sourcecode.swift; path = OnboardingCollectionViewCell.swift; sourceTree = "<group>"; };
		36DC385B27DA553600EC4164 /* OnboardingCollectionViewCell.xib */ = {isa = PBXFileReference; lastKnownFileType = file.xib; path = OnboardingCollectionViewCell.xib; sourceTree = "<group>"; };
		36DC385E27DA630600EC4164 /* Onboarding.swift */ = {isa = PBXFileReference; lastKnownFileType = sourcecode.swift; path = Onboarding.swift; sourceTree = "<group>"; };
		36EA25BF27EC0F040094876E /* OnBoardingPresenter.swift */ = {isa = PBXFileReference; lastKnownFileType = sourcecode.swift; path = OnBoardingPresenter.swift; sourceTree = "<group>"; };
		36EA25C027EC0F040094876E /* OnBoardingWorker.swift */ = {isa = PBXFileReference; lastKnownFileType = sourcecode.swift; path = OnBoardingWorker.swift; sourceTree = "<group>"; };
		36EA25C127EC0F040094876E /* OnBoardingRouter.swift */ = {isa = PBXFileReference; lastKnownFileType = sourcecode.swift; path = OnBoardingRouter.swift; sourceTree = "<group>"; };
		36EA25C227EC0F040094876E /* OnBoardingModels.swift */ = {isa = PBXFileReference; lastKnownFileType = sourcecode.swift; path = OnBoardingModels.swift; sourceTree = "<group>"; };
		36EA25C327EC0F050094876E /* OnBoardingInteractor.swift */ = {isa = PBXFileReference; lastKnownFileType = sourcecode.swift; path = OnBoardingInteractor.swift; sourceTree = "<group>"; };
		36EA25C927EC0F400094876E /* OnBoardingViewController.swift */ = {isa = PBXFileReference; lastKnownFileType = sourcecode.swift; path = OnBoardingViewController.swift; sourceTree = "<group>"; };
		36EA25CB27EC45580094876E /* DashboardPresenter.swift */ = {isa = PBXFileReference; lastKnownFileType = sourcecode.swift; path = DashboardPresenter.swift; sourceTree = "<group>"; };
		36EA25CC27EC45580094876E /* DashboardWorker.swift */ = {isa = PBXFileReference; lastKnownFileType = sourcecode.swift; path = DashboardWorker.swift; sourceTree = "<group>"; };
		36EA25CD27EC45580094876E /* DashboardRouter.swift */ = {isa = PBXFileReference; lastKnownFileType = sourcecode.swift; path = DashboardRouter.swift; sourceTree = "<group>"; };
		36EA25CE27EC45580094876E /* DashboardModels.swift */ = {isa = PBXFileReference; lastKnownFileType = sourcecode.swift; path = DashboardModels.swift; sourceTree = "<group>"; };
		36EA25CF27EC45580094876E /* DashboardViewController.swift */ = {isa = PBXFileReference; lastKnownFileType = sourcecode.swift; path = DashboardViewController.swift; sourceTree = "<group>"; };
		36EA25D027EC45580094876E /* DashboardInteractor.swift */ = {isa = PBXFileReference; lastKnownFileType = sourcecode.swift; path = DashboardInteractor.swift; sourceTree = "<group>"; };
		36EE8BB327E02744006EB567 /* HistoryTableViewCell.swift */ = {isa = PBXFileReference; lastKnownFileType = sourcecode.swift; path = HistoryTableViewCell.swift; sourceTree = "<group>"; };
		36EE8BB427E02744006EB567 /* HistoryTableViewCell.xib */ = {isa = PBXFileReference; lastKnownFileType = file.xib; path = HistoryTableViewCell.xib; sourceTree = "<group>"; };
		36F0CE8627DF8126001469CC /* DashboardTableCell.swift */ = {isa = PBXFileReference; lastKnownFileType = sourcecode.swift; path = DashboardTableCell.swift; sourceTree = "<group>"; };
		36F0CE8727DF8126001469CC /* DashboardTableCell.xib */ = {isa = PBXFileReference; lastKnownFileType = file.xib; path = DashboardTableCell.xib; sourceTree = "<group>"; };
		36F0CE8B27DF8ACB001469CC /* Checkin.swift */ = {isa = PBXFileReference; lastKnownFileType = sourcecode.swift; path = Checkin.swift; sourceTree = "<group>"; };
		36F0CE9427DFAAD5001469CC /* DayFilterCollViewCell.swift */ = {isa = PBXFileReference; lastKnownFileType = sourcecode.swift; path = DayFilterCollViewCell.swift; sourceTree = "<group>"; };
		36F0CE9527DFAAD5001469CC /* DayFilterCollViewCell.xib */ = {isa = PBXFileReference; lastKnownFileType = file.xib; path = DayFilterCollViewCell.xib; sourceTree = "<group>"; };
		36F0CE9927DFAC56001469CC /* History.swift */ = {isa = PBXFileReference; lastKnownFileType = sourcecode.swift; path = History.swift; sourceTree = "<group>"; };
		46356B1AB73ACB42BF963D18 /* Pods-phincon-attendance-app.release.xcconfig */ = {isa = PBXFileReference; includeInIndex = 1; lastKnownFileType = text.xcconfig; name = "Pods-phincon-attendance-app.release.xcconfig"; path = "Target Support Files/Pods-phincon-attendance-app/Pods-phincon-attendance-app.release.xcconfig"; sourceTree = "<group>"; };
		4866A634656892B05CB5D80A /* Pods-phincon-attendance-app.debug.xcconfig */ = {isa = PBXFileReference; includeInIndex = 1; lastKnownFileType = text.xcconfig; name = "Pods-phincon-attendance-app.debug.xcconfig"; path = "Target Support Files/Pods-phincon-attendance-app/Pods-phincon-attendance-app.debug.xcconfig"; sourceTree = "<group>"; };
		4E22C749AE0EFD083BBC070A /* Pods_phincon_attendance_appTests.framework */ = {isa = PBXFileReference; explicitFileType = wrapper.framework; includeInIndex = 0; path = Pods_phincon_attendance_appTests.framework; sourceTree = BUILT_PRODUCTS_DIR; };
		7D252C13FB91BA3690ACA4C4 /* Pods-phincon-attendance-app-phincon-attendance-appUITests.debug.xcconfig */ = {isa = PBXFileReference; includeInIndex = 1; lastKnownFileType = text.xcconfig; name = "Pods-phincon-attendance-app-phincon-attendance-appUITests.debug.xcconfig"; path = "Target Support Files/Pods-phincon-attendance-app-phincon-attendance-appUITests/Pods-phincon-attendance-app-phincon-attendance-appUITests.debug.xcconfig"; sourceTree = "<group>"; };
		9595050127D9BE25005741CA /* phincon-attendance-app.app */ = {isa = PBXFileReference; explicitFileType = wrapper.application; includeInIndex = 0; path = "phincon-attendance-app.app"; sourceTree = BUILT_PRODUCTS_DIR; };
		9595050427D9BE25005741CA /* AppDelegate.swift */ = {isa = PBXFileReference; lastKnownFileType = sourcecode.swift; path = AppDelegate.swift; sourceTree = "<group>"; };
		9595050627D9BE25005741CA /* SceneDelegate.swift */ = {isa = PBXFileReference; lastKnownFileType = sourcecode.swift; path = SceneDelegate.swift; sourceTree = "<group>"; };
		9595050B27D9BE25005741CA /* Base */ = {isa = PBXFileReference; lastKnownFileType = file.storyboard; name = Base; path = Base.lproj/Main.storyboard; sourceTree = "<group>"; };
		9595050E27D9BE25005741CA /* phincon_attendance_app.xcdatamodel */ = {isa = PBXFileReference; lastKnownFileType = wrapper.xcdatamodel; path = phincon_attendance_app.xcdatamodel; sourceTree = "<group>"; };
		9595051027D9BE29005741CA /* Assets.xcassets */ = {isa = PBXFileReference; lastKnownFileType = folder.assetcatalog; path = Assets.xcassets; sourceTree = "<group>"; };
		9595051327D9BE29005741CA /* Base */ = {isa = PBXFileReference; lastKnownFileType = file.storyboard; name = Base; path = Base.lproj/LaunchScreen.storyboard; sourceTree = "<group>"; };
		9595051527D9BE29005741CA /* Info.plist */ = {isa = PBXFileReference; lastKnownFileType = text.plist.xml; path = Info.plist; sourceTree = "<group>"; };
		9595051A27D9BE2A005741CA /* phincon-attendance-appTests.xctest */ = {isa = PBXFileReference; explicitFileType = wrapper.cfbundle; includeInIndex = 0; path = "phincon-attendance-appTests.xctest"; sourceTree = BUILT_PRODUCTS_DIR; };
		9595051E27D9BE2A005741CA /* phincon_attendance_appTests.swift */ = {isa = PBXFileReference; lastKnownFileType = sourcecode.swift; path = phincon_attendance_appTests.swift; sourceTree = "<group>"; };
		9595052027D9BE2A005741CA /* Info.plist */ = {isa = PBXFileReference; lastKnownFileType = text.plist.xml; path = Info.plist; sourceTree = "<group>"; };
		9595052527D9BE2A005741CA /* phincon-attendance-appUITests.xctest */ = {isa = PBXFileReference; explicitFileType = wrapper.cfbundle; includeInIndex = 0; path = "phincon-attendance-appUITests.xctest"; sourceTree = BUILT_PRODUCTS_DIR; };
		9595052927D9BE2A005741CA /* phincon_attendance_appUITests.swift */ = {isa = PBXFileReference; lastKnownFileType = sourcecode.swift; path = phincon_attendance_appUITests.swift; sourceTree = "<group>"; };
		9595052B27D9BE2A005741CA /* Info.plist */ = {isa = PBXFileReference; lastKnownFileType = text.plist.xml; path = Info.plist; sourceTree = "<group>"; };
		AA73072A46BE95F4DB57DFFF /* Pods-phincon-attendance-appTests.debug.xcconfig */ = {isa = PBXFileReference; includeInIndex = 1; lastKnownFileType = text.xcconfig; name = "Pods-phincon-attendance-appTests.debug.xcconfig"; path = "Target Support Files/Pods-phincon-attendance-appTests/Pods-phincon-attendance-appTests.debug.xcconfig"; sourceTree = "<group>"; };
		CC20E7466C5C25EB98FD2F48 /* Pods_phincon_attendance_app_phincon_attendance_appUITests.framework */ = {isa = PBXFileReference; explicitFileType = wrapper.framework; includeInIndex = 0; path = Pods_phincon_attendance_app_phincon_attendance_appUITests.framework; sourceTree = BUILT_PRODUCTS_DIR; };
		E2094B4927ECB19F00A379D9 /* Profile.swift */ = {isa = PBXFileReference; lastKnownFileType = sourcecode.swift; path = Profile.swift; sourceTree = "<group>"; };
		E22DF2E227F3369100336B89 /* ColorUtils.swift */ = {isa = PBXFileReference; lastKnownFileType = sourcecode.swift; path = ColorUtils.swift; sourceTree = "<group>"; };
		E2673FE427F6E69E006E3887 /* ForgotPasswordPresenter.swift */ = {isa = PBXFileReference; lastKnownFileType = sourcecode.swift; path = ForgotPasswordPresenter.swift; sourceTree = "<group>"; };
		E2673FE527F6E69E006E3887 /* ForgotPasswordWorker.swift */ = {isa = PBXFileReference; lastKnownFileType = sourcecode.swift; path = ForgotPasswordWorker.swift; sourceTree = "<group>"; };
		E2673FE627F6E69E006E3887 /* ForgotPasswordRouter.swift */ = {isa = PBXFileReference; lastKnownFileType = sourcecode.swift; path = ForgotPasswordRouter.swift; sourceTree = "<group>"; };
		E2673FE727F6E69E006E3887 /* ForgotPasswordModels.swift */ = {isa = PBXFileReference; lastKnownFileType = sourcecode.swift; path = ForgotPasswordModels.swift; sourceTree = "<group>"; };
		E2673FE827F6E69E006E3887 /* ForgotPasswordViewController.swift */ = {isa = PBXFileReference; lastKnownFileType = sourcecode.swift; path = ForgotPasswordViewController.swift; sourceTree = "<group>"; };
		E2673FE927F6E69E006E3887 /* ForgotPasswordInteractor.swift */ = {isa = PBXFileReference; lastKnownFileType = sourcecode.swift; path = ForgotPasswordInteractor.swift; sourceTree = "<group>"; };
		E2673FF127F6E6E1006E3887 /* RegisterPresenter.swift */ = {isa = PBXFileReference; lastKnownFileType = sourcecode.swift; path = RegisterPresenter.swift; sourceTree = "<group>"; };
		E2673FF227F6E6E1006E3887 /* RegisterWorker.swift */ = {isa = PBXFileReference; lastKnownFileType = sourcecode.swift; path = RegisterWorker.swift; sourceTree = "<group>"; };
		E2673FF327F6E6E1006E3887 /* RegisterRouter.swift */ = {isa = PBXFileReference; lastKnownFileType = sourcecode.swift; path = RegisterRouter.swift; sourceTree = "<group>"; };
		E2673FF427F6E6E1006E3887 /* RegisterModels.swift */ = {isa = PBXFileReference; lastKnownFileType = sourcecode.swift; path = RegisterModels.swift; sourceTree = "<group>"; };
		E2673FF527F6E6E1006E3887 /* RegisterViewController.swift */ = {isa = PBXFileReference; lastKnownFileType = sourcecode.swift; path = RegisterViewController.swift; sourceTree = "<group>"; };
		E2673FF627F6E6E1006E3887 /* RegisterInteractor.swift */ = {isa = PBXFileReference; lastKnownFileType = sourcecode.swift; path = RegisterInteractor.swift; sourceTree = "<group>"; };
		E2A60F2327EB036B001BEE6D /* LoginPresenter.swift */ = {isa = PBXFileReference; lastKnownFileType = sourcecode.swift; path = LoginPresenter.swift; sourceTree = "<group>"; };
		E2A60F2427EB036B001BEE6D /* LoginWorker.swift */ = {isa = PBXFileReference; lastKnownFileType = sourcecode.swift; path = LoginWorker.swift; sourceTree = "<group>"; };
		E2A60F2527EB036B001BEE6D /* LoginRouter.swift */ = {isa = PBXFileReference; lastKnownFileType = sourcecode.swift; path = LoginRouter.swift; sourceTree = "<group>"; };
		E2A60F2627EB036B001BEE6D /* LoginModels.swift */ = {isa = PBXFileReference; lastKnownFileType = sourcecode.swift; path = LoginModels.swift; sourceTree = "<group>"; };
		E2A60F2727EB036B001BEE6D /* LoginViewController.swift */ = {isa = PBXFileReference; lastKnownFileType = sourcecode.swift; path = LoginViewController.swift; sourceTree = "<group>"; };
		E2A60F2827EB036B001BEE6D /* LoginInteractor.swift */ = {isa = PBXFileReference; lastKnownFileType = sourcecode.swift; path = LoginInteractor.swift; sourceTree = "<group>"; };
		E2D75ED627F3E65B002F88A2 /* EditProfilePresenter.swift */ = {isa = PBXFileReference; lastKnownFileType = sourcecode.swift; path = EditProfilePresenter.swift; sourceTree = "<group>"; };
		E2D75ED727F3E65B002F88A2 /* EditProfileWorker.swift */ = {isa = PBXFileReference; lastKnownFileType = sourcecode.swift; path = EditProfileWorker.swift; sourceTree = "<group>"; };
		E2D75ED827F3E65B002F88A2 /* EditProfileRouter.swift */ = {isa = PBXFileReference; lastKnownFileType = sourcecode.swift; path = EditProfileRouter.swift; sourceTree = "<group>"; };
		E2D75ED927F3E65B002F88A2 /* EditProfileModels.swift */ = {isa = PBXFileReference; lastKnownFileType = sourcecode.swift; path = EditProfileModels.swift; sourceTree = "<group>"; };
		E2D75EDA27F3E65B002F88A2 /* EditProfileViewController.swift */ = {isa = PBXFileReference; lastKnownFileType = sourcecode.swift; path = EditProfileViewController.swift; sourceTree = "<group>"; };
		E2D75EDB27F3E65B002F88A2 /* EditProfileInteractor.swift */ = {isa = PBXFileReference; lastKnownFileType = sourcecode.swift; path = EditProfileInteractor.swift; sourceTree = "<group>"; };
		E2D75EE227F3F79C002F88A2 /* ProfilePictureTableViewCell.swift */ = {isa = PBXFileReference; lastKnownFileType = sourcecode.swift; path = ProfilePictureTableViewCell.swift; sourceTree = "<group>"; };
		E2D75EE327F3F79C002F88A2 /* ProfilePictureTableViewCell.xib */ = {isa = PBXFileReference; lastKnownFileType = file.xib; path = ProfilePictureTableViewCell.xib; sourceTree = "<group>"; };
		E2D75EE927F40E62002F88A2 /* EditProfileTableViewCell.swift */ = {isa = PBXFileReference; lastKnownFileType = sourcecode.swift; path = EditProfileTableViewCell.swift; sourceTree = "<group>"; };
		E2D75EEA27F40E62002F88A2 /* EditProfileTableViewCell.xib */ = {isa = PBXFileReference; lastKnownFileType = file.xib; path = EditProfileTableViewCell.xib; sourceTree = "<group>"; };
		E2D75EED27F41379002F88A2 /* EditProfile.swift */ = {isa = PBXFileReference; lastKnownFileType = sourcecode.swift; path = EditProfile.swift; sourceTree = "<group>"; };
		E2FAE33927EB730F00D97493 /* ProfilPresenter.swift */ = {isa = PBXFileReference; lastKnownFileType = sourcecode.swift; path = ProfilPresenter.swift; sourceTree = "<group>"; };
		E2FAE33A27EB730F00D97493 /* ProfilWorker.swift */ = {isa = PBXFileReference; lastKnownFileType = sourcecode.swift; path = ProfilWorker.swift; sourceTree = "<group>"; };
		E2FAE33B27EB730F00D97493 /* ProfilRouter.swift */ = {isa = PBXFileReference; lastKnownFileType = sourcecode.swift; path = ProfilRouter.swift; sourceTree = "<group>"; };
		E2FAE33C27EB730F00D97493 /* ProfilModels.swift */ = {isa = PBXFileReference; lastKnownFileType = sourcecode.swift; path = ProfilModels.swift; sourceTree = "<group>"; };
		E2FAE33D27EB730F00D97493 /* ProfilViewController.swift */ = {isa = PBXFileReference; lastKnownFileType = sourcecode.swift; path = ProfilViewController.swift; sourceTree = "<group>"; };
		E2FAE33E27EB730F00D97493 /* ProfilInteractor.swift */ = {isa = PBXFileReference; lastKnownFileType = sourcecode.swift; path = ProfilInteractor.swift; sourceTree = "<group>"; };
		E2FAE34727EB744C00D97493 /* ProfilTableViewCell.swift */ = {isa = PBXFileReference; lastKnownFileType = sourcecode.swift; path = ProfilTableViewCell.swift; sourceTree = "<group>"; };
		E2FAE34827EB744C00D97493 /* ProfilTableViewCell.xib */ = {isa = PBXFileReference; lastKnownFileType = file.xib; path = ProfilTableViewCell.xib; sourceTree = "<group>"; };
		FF29A235BD904E76C98E2064 /* Pods-phincon-attendance-appTests.release.xcconfig */ = {isa = PBXFileReference; includeInIndex = 1; lastKnownFileType = text.xcconfig; name = "Pods-phincon-attendance-appTests.release.xcconfig"; path = "Target Support Files/Pods-phincon-attendance-appTests/Pods-phincon-attendance-appTests.release.xcconfig"; sourceTree = "<group>"; };
/* End PBXFileReference section */

/* Begin PBXFrameworksBuildPhase section */
		959504FE27D9BE25005741CA /* Frameworks */ = {
			isa = PBXFrameworksBuildPhase;
			buildActionMask = 2147483647;
			files = (
				5A343D0BE739D204ED5F7AAD /* Pods_phincon_attendance_app.framework in Frameworks */,
			);
			runOnlyForDeploymentPostprocessing = 0;
		};
		9595051727D9BE2A005741CA /* Frameworks */ = {
			isa = PBXFrameworksBuildPhase;
			buildActionMask = 2147483647;
			files = (
				3587141AE29D40DF48A6B9A8 /* Pods_phincon_attendance_appTests.framework in Frameworks */,
			);
			runOnlyForDeploymentPostprocessing = 0;
		};
		9595052227D9BE2A005741CA /* Frameworks */ = {
			isa = PBXFrameworksBuildPhase;
			buildActionMask = 2147483647;
			files = (
				F1FD6F150B2F3C6169E3DF6E /* Pods_phincon_attendance_app_phincon_attendance_appUITests.framework in Frameworks */,
			);
			runOnlyForDeploymentPostprocessing = 0;
		};
/* End PBXFrameworksBuildPhase section */

/* Begin PBXGroup section */
		20714FC19A420D725699E97E /* Pods */ = {
			isa = PBXGroup;
			children = (
				4866A634656892B05CB5D80A /* Pods-phincon-attendance-app.debug.xcconfig */,
				46356B1AB73ACB42BF963D18 /* Pods-phincon-attendance-app.release.xcconfig */,
				7D252C13FB91BA3690ACA4C4 /* Pods-phincon-attendance-app-phincon-attendance-appUITests.debug.xcconfig */,
				1C6F4943F0B33986A066F3D1 /* Pods-phincon-attendance-app-phincon-attendance-appUITests.release.xcconfig */,
				AA73072A46BE95F4DB57DFFF /* Pods-phincon-attendance-appTests.debug.xcconfig */,
				FF29A235BD904E76C98E2064 /* Pods-phincon-attendance-appTests.release.xcconfig */,
			);
			path = Pods;
			sourceTree = "<group>";
		};
		36174EB32816788300F538B3 /* SplashScreen */ = {
			isa = PBXGroup;
			children = (
				36174EB4281678A400F538B3 /* SplashScreenPresenter.swift */,
				36174EB5281678A400F538B3 /* SplashScreenWorker.swift */,
				36174EB6281678A400F538B3 /* SplashScreenRouter.swift */,
				36174EB7281678A400F538B3 /* SplashScreenModels.swift */,
				36174EB8281678A400F538B3 /* SplashScreenVC.swift */,
				36174EB9281678A400F538B3 /* SplashScreenInteractor.swift */,
			);
			path = SplashScreen;
			sourceTree = "<group>";
		};
		362497D227F8459B00CD04FF /* Networking */ = {
			isa = PBXGroup;
			children = (
				362497D327F845B300CD04FF /* Base */,
				362497D627F84DE000CD04FF /* RouterAPI.swift */,
				362497D827F8507800CD04FF /* ClientAPI.swift */,
			);
			path = Networking;
			sourceTree = "<group>";
		};
		362497D327F845B300CD04FF /* Base */ = {
			isa = PBXGroup;
			children = (
				362497D027F830B800CD04FF /* BaseAPI.swift */,
				362497D427F845E800CD04FF /* TargetType.swift */,
				364B5E61281156D90019B3C5 /* Connectivity.swift */,
			);
			path = Base;
			sourceTree = "<group>";
		};
		362D594127E9991C0022C094 /* Models */ = {
			isa = PBXGroup;
			children = (
				E2094B4927ECB19F00A379D9 /* Profile.swift */,
				E2D75EED27F41379002F88A2 /* EditProfile.swift */,
				36DC385E27DA630600EC4164 /* Onboarding.swift */,
				36F0CE9927DFAC56001469CC /* History.swift */,
				36F0CE8B27DF8ACB001469CC /* Checkin.swift */,
				3674EEE927F3714B00662D8F /* Notification.swift */,
				360B0F8527FBCE9000CB9CEC /* ResponseServer.swift */,
				36C584C027FEF20200442181 /* Users.swift */,
				36174EC028167BFC00F538B3 /* SplashScreen.swift */,
			);
			path = Models;
			sourceTree = "<group>";
		};
		3674EED727F3088300662D8F /* Notification */ = {
			isa = PBXGroup;
			children = (
				3674EED827F3088F00662D8F /* NotificationPresenter.swift */,
				3674EED927F3088F00662D8F /* NotificationWorker.swift */,
				3674EEDA27F3088F00662D8F /* NotificationRouter.swift */,
				3674EEDB27F3088F00662D8F /* NotificationModels.swift */,
				3674EEDC27F3088F00662D8F /* NotificationViewController.swift */,
				3674EEDD27F3088F00662D8F /* NotificationInteractor.swift */,
			);
			path = Notification;
			sourceTree = "<group>";
		};
		3674EEE427F30B1200662D8F /* Notification */ = {
			isa = PBXGroup;
			children = (
				3674EEE527F30B2700662D8F /* NotificationTableViewCell.swift */,
				3674EEE627F30B2700662D8F /* NotificationTableViewCell.xib */,
			);
			path = Notification;
			sourceTree = "<group>";
		};
		36DC385327DA547D00EC4164 /* Views */ = {
			isa = PBXGroup;
			children = (
				E2D75EE627F40E3D002F88A2 /* EditProfilr */,
				3674EEE427F30B1200662D8F /* Notification */,
				E2FAE34627EB742800D97493 /* Profil */,
				36F0CE9327DFAA6A001469CC /* History */,
				36F0CE8527DF80A2001469CC /* Dashboard */,
				36DC385427DA548500EC4164 /* OnBoarding */,
			);
			path = Views;
			sourceTree = "<group>";
		};
		36DC385427DA548500EC4164 /* OnBoarding */ = {
			isa = PBXGroup;
			children = (
				36DC385A27DA553600EC4164 /* OnboardingCollectionViewCell.swift */,
				36DC385927DA550400EC4164 /* Collections */,
			);
			path = OnBoarding;
			sourceTree = "<group>";
		};
		36DC385927DA550400EC4164 /* Collections */ = {
			isa = PBXGroup;
			children = (
				36DC385B27DA553600EC4164 /* OnboardingCollectionViewCell.xib */,
			);
			path = Collections;
			sourceTree = "<group>";
		};
		36F0CE8227DF4C2A001469CC /* Dashboard */ = {
			isa = PBXGroup;
			children = (
				36EA25CF27EC45580094876E /* DashboardViewController.swift */,
				36EA25CB27EC45580094876E /* DashboardPresenter.swift */,
				36EA25CC27EC45580094876E /* DashboardWorker.swift */,
				36EA25CD27EC45580094876E /* DashboardRouter.swift */,
				36EA25CE27EC45580094876E /* DashboardModels.swift */,
				36EA25D027EC45580094876E /* DashboardInteractor.swift */,
			);
			path = Dashboard;
			sourceTree = "<group>";
		};
		36F0CE8527DF80A2001469CC /* Dashboard */ = {
			isa = PBXGroup;
			children = (
				36F0CE8A27DF8131001469CC /* Cell */,
				36F0CE8627DF8126001469CC /* DashboardTableCell.swift */,
			);
			path = Dashboard;
			sourceTree = "<group>";
		};
		36F0CE8A27DF8131001469CC /* Cell */ = {
			isa = PBXGroup;
			children = (
				36F0CE8727DF8126001469CC /* DashboardTableCell.xib */,
			);
			path = Cell;
			sourceTree = "<group>";
		};
		36F0CE8D27DFA245001469CC /* History */ = {
			isa = PBXGroup;
			children = (
				362D594827E9B7FF0022C094 /* HistoryViewController.swift */,
				362D594427E9B7FF0022C094 /* HistoryPresenter.swift */,
				362D594527E9B7FF0022C094 /* HistoryWorker.swift */,
				362D594627E9B7FF0022C094 /* HistoryRouter.swift */,
				362D594727E9B7FF0022C094 /* HistoryModels.swift */,
				362D594927E9B7FF0022C094 /* HistoryInteractor.swift */,
			);
			path = History;
			sourceTree = "<group>";
		};
		36F0CE9327DFAA6A001469CC /* History */ = {
			isa = PBXGroup;
			children = (
				36F0CE9827DFAADA001469CC /* Cells */,
				36F0CE9427DFAAD5001469CC /* DayFilterCollViewCell.swift */,
				36EE8BB327E02744006EB567 /* HistoryTableViewCell.swift */,
			);
			path = History;
			sourceTree = "<group>";
		};
		36F0CE9827DFAADA001469CC /* Cells */ = {
			isa = PBXGroup;
			children = (
				36EE8BB427E02744006EB567 /* HistoryTableViewCell.xib */,
				36F0CE9527DFAAD5001469CC /* DayFilterCollViewCell.xib */,
			);
			path = Cells;
			sourceTree = "<group>";
		};
		8185DD3A483B7F6633050BED /* Frameworks */ = {
			isa = PBXGroup;
			children = (
				1EE6FC7CC5BDDB490048CE4F /* Pods_phincon_attendance_app.framework */,
				CC20E7466C5C25EB98FD2F48 /* Pods_phincon_attendance_app_phincon_attendance_appUITests.framework */,
				4E22C749AE0EFD083BBC070A /* Pods_phincon_attendance_appTests.framework */,
			);
			name = Frameworks;
			sourceTree = "<group>";
		};
		959504F827D9BE25005741CA = {
			isa = PBXGroup;
			children = (
				9595050327D9BE25005741CA /* phincon-attendance-app */,
				9595051D27D9BE2A005741CA /* phincon-attendance-appTests */,
				9595052827D9BE2A005741CA /* phincon-attendance-appUITests */,
				9595050227D9BE25005741CA /* Products */,
				20714FC19A420D725699E97E /* Pods */,
				8185DD3A483B7F6633050BED /* Frameworks */,
			);
			sourceTree = "<group>";
		};
		9595050227D9BE25005741CA /* Products */ = {
			isa = PBXGroup;
			children = (
				9595050127D9BE25005741CA /* phincon-attendance-app.app */,
				9595051A27D9BE2A005741CA /* phincon-attendance-appTests.xctest */,
				9595052527D9BE2A005741CA /* phincon-attendance-appUITests.xctest */,
			);
			name = Products;
			sourceTree = "<group>";
		};
		9595050327D9BE25005741CA /* phincon-attendance-app */ = {
			isa = PBXGroup;
			children = (
				362497D227F8459B00CD04FF /* Networking */,
				E22DF2E127F3368200336B89 /* Helper */,
				362D594127E9991C0022C094 /* Models */,
				36DC385327DA547D00EC4164 /* Views */,
				9595054527D9C45B005741CA /* Storyboards */,
				9595054427D9C448005741CA /* Scene */,
				9595051027D9BE29005741CA /* Assets.xcassets */,
				9595051527D9BE29005741CA /* Info.plist */,
				9595050D27D9BE25005741CA /* phincon_attendance_app.xcdatamodeld */,
			);
			path = "phincon-attendance-app";
			sourceTree = "<group>";
		};
		9595051D27D9BE2A005741CA /* phincon-attendance-appTests */ = {
			isa = PBXGroup;
			children = (
				9595051E27D9BE2A005741CA /* phincon_attendance_appTests.swift */,
				9595052027D9BE2A005741CA /* Info.plist */,
			);
			path = "phincon-attendance-appTests";
			sourceTree = "<group>";
		};
		9595052827D9BE2A005741CA /* phincon-attendance-appUITests */ = {
			isa = PBXGroup;
			children = (
				9595052927D9BE2A005741CA /* phincon_attendance_appUITests.swift */,
				9595052B27D9BE2A005741CA /* Info.plist */,
			);
			path = "phincon-attendance-appUITests";
			sourceTree = "<group>";
		};
		9595053727D9C2AF005741CA /* Onboarding */ = {
			isa = PBXGroup;
			children = (
				36EA25C927EC0F400094876E /* OnBoardingViewController.swift */,
				36EA25BF27EC0F040094876E /* OnBoardingPresenter.swift */,
				36EA25C027EC0F040094876E /* OnBoardingWorker.swift */,
				36EA25C127EC0F040094876E /* OnBoardingRouter.swift */,
				36EA25C227EC0F040094876E /* OnBoardingModels.swift */,
				36EA25C327EC0F050094876E /* OnBoardingInteractor.swift */,
			);
			path = Onboarding;
			sourceTree = "<group>";
		};
		9595054427D9C448005741CA /* Scene */ = {
			isa = PBXGroup;
			children = (
				36174EB32816788300F538B3 /* SplashScreen */,
				E2673FF027F6E6A1006E3887 /* RegisterPage */,
				E2673FE327F6E682006E3887 /* ForgotPassword */,
				E2D75ED527F3E645002F88A2 /* EditProfile */,
				3674EED727F3088300662D8F /* Notification */,
				E2FAE34527EB732000D97493 /* Profil */,
				E2A60F2227EB0341001BEE6D /* Login */,
				9595053727D9C2AF005741CA /* Onboarding */,
				36F0CE8227DF4C2A001469CC /* Dashboard */,
				36F0CE8D27DFA245001469CC /* History */,
				9595050427D9BE25005741CA /* AppDelegate.swift */,
				9595050627D9BE25005741CA /* SceneDelegate.swift */,
			);
			path = Scene;
			sourceTree = "<group>";
		};
		9595054527D9C45B005741CA /* Storyboards */ = {
			isa = PBXGroup;
			children = (
				9595050A27D9BE25005741CA /* Main.storyboard */,
				9595051227D9BE29005741CA /* LaunchScreen.storyboard */,
			);
			path = Storyboards;
			sourceTree = "<group>";
		};
		E22DF2E127F3368200336B89 /* Helper */ = {
			isa = PBXGroup;
			children = (
				E22DF2E227F3369100336B89 /* ColorUtils.swift */,
				362497CE27F8293000CD04FF /* ConstantAPI.swift */,
				36AF818327FD4CE1009D84A2 /* ImageUtils.swift */,
			);
			path = Helper;
			sourceTree = "<group>";
		};
		E2673FE327F6E682006E3887 /* ForgotPassword */ = {
			isa = PBXGroup;
			children = (
				E2673FE427F6E69E006E3887 /* ForgotPasswordPresenter.swift */,
				E2673FE527F6E69E006E3887 /* ForgotPasswordWorker.swift */,
				E2673FE627F6E69E006E3887 /* ForgotPasswordRouter.swift */,
				E2673FE727F6E69E006E3887 /* ForgotPasswordModels.swift */,
				E2673FE827F6E69E006E3887 /* ForgotPasswordViewController.swift */,
				E2673FE927F6E69E006E3887 /* ForgotPasswordInteractor.swift */,
			);
			path = ForgotPassword;
			sourceTree = "<group>";
		};
		E2673FF027F6E6A1006E3887 /* RegisterPage */ = {
			isa = PBXGroup;
			children = (
				E2673FF127F6E6E1006E3887 /* RegisterPresenter.swift */,
				E2673FF227F6E6E1006E3887 /* RegisterWorker.swift */,
				E2673FF327F6E6E1006E3887 /* RegisterRouter.swift */,
				E2673FF427F6E6E1006E3887 /* RegisterModels.swift */,
				E2673FF527F6E6E1006E3887 /* RegisterViewController.swift */,
				E2673FF627F6E6E1006E3887 /* RegisterInteractor.swift */,
			);
			path = RegisterPage;
			sourceTree = "<group>";
		};
		E2A60F2227EB0341001BEE6D /* Login */ = {
			isa = PBXGroup;
			children = (
				E2A60F2327EB036B001BEE6D /* LoginPresenter.swift */,
				E2A60F2427EB036B001BEE6D /* LoginWorker.swift */,
				E2A60F2527EB036B001BEE6D /* LoginRouter.swift */,
				E2A60F2627EB036B001BEE6D /* LoginModels.swift */,
				E2A60F2727EB036B001BEE6D /* LoginViewController.swift */,
				E2A60F2827EB036B001BEE6D /* LoginInteractor.swift */,
			);
			path = Login;
			sourceTree = "<group>";
		};
		E2D75ED527F3E645002F88A2 /* EditProfile */ = {
			isa = PBXGroup;
			children = (
				E2D75ED627F3E65B002F88A2 /* EditProfilePresenter.swift */,
				E2D75ED727F3E65B002F88A2 /* EditProfileWorker.swift */,
				E2D75ED827F3E65B002F88A2 /* EditProfileRouter.swift */,
				E2D75ED927F3E65B002F88A2 /* EditProfileModels.swift */,
				E2D75EDA27F3E65B002F88A2 /* EditProfileViewController.swift */,
				E2D75EDB27F3E65B002F88A2 /* EditProfileInteractor.swift */,
			);
			path = EditProfile;
			sourceTree = "<group>";
		};
		E2D75EE627F40E3D002F88A2 /* EditProfilr */ = {
			isa = PBXGroup;
			children = (
				E2D75EE927F40E62002F88A2 /* EditProfileTableViewCell.swift */,
				E2D75EEA27F40E62002F88A2 /* EditProfileTableViewCell.xib */,
			);
			path = EditProfilr;
			sourceTree = "<group>";
		};
		E2FAE34527EB732000D97493 /* Profil */ = {
			isa = PBXGroup;
			children = (
				E2FAE33927EB730F00D97493 /* ProfilPresenter.swift */,
				E2FAE33A27EB730F00D97493 /* ProfilWorker.swift */,
				E2FAE33B27EB730F00D97493 /* ProfilRouter.swift */,
				E2FAE33C27EB730F00D97493 /* ProfilModels.swift */,
				E2FAE33D27EB730F00D97493 /* ProfilViewController.swift */,
				E2FAE33E27EB730F00D97493 /* ProfilInteractor.swift */,
			);
			path = Profil;
			sourceTree = "<group>";
		};
		E2FAE34627EB742800D97493 /* Profil */ = {
			isa = PBXGroup;
			children = (
				E2FAE34727EB744C00D97493 /* ProfilTableViewCell.swift */,
				E2D75EE227F3F79C002F88A2 /* ProfilePictureTableViewCell.swift */,
				E2D75EE327F3F79C002F88A2 /* ProfilePictureTableViewCell.xib */,
				E2FAE34827EB744C00D97493 /* ProfilTableViewCell.xib */,
			);
			path = Profil;
			sourceTree = "<group>";
		};
/* End PBXGroup section */

/* Begin PBXNativeTarget section */
		9595050027D9BE25005741CA /* phincon-attendance-app */ = {
			isa = PBXNativeTarget;
			buildConfigurationList = 9595052E27D9BE2A005741CA /* Build configuration list for PBXNativeTarget "phincon-attendance-app" */;
			buildPhases = (
				9498D2F0F0B4B64E5F0C35AD /* [CP] Check Pods Manifest.lock */,
				959504FD27D9BE25005741CA /* Sources */,
				959504FE27D9BE25005741CA /* Frameworks */,
				959504FF27D9BE25005741CA /* Resources */,
				814BAE4CC74CFB57CE392FAE /* [CP] Embed Pods Frameworks */,
			);
			buildRules = (
			);
			dependencies = (
			);
			name = "phincon-attendance-app";
			productName = "phincon-attendance-app";
			productReference = 9595050127D9BE25005741CA /* phincon-attendance-app.app */;
			productType = "com.apple.product-type.application";
		};
		9595051927D9BE2A005741CA /* phincon-attendance-appTests */ = {
			isa = PBXNativeTarget;
			buildConfigurationList = 9595053127D9BE2A005741CA /* Build configuration list for PBXNativeTarget "phincon-attendance-appTests" */;
			buildPhases = (
				AE97F5BDBB1AEE39D4CE83A9 /* [CP] Check Pods Manifest.lock */,
				9595051627D9BE2A005741CA /* Sources */,
				9595051727D9BE2A005741CA /* Frameworks */,
				9595051827D9BE2A005741CA /* Resources */,
			);
			buildRules = (
			);
			dependencies = (
				9595051C27D9BE2A005741CA /* PBXTargetDependency */,
			);
			name = "phincon-attendance-appTests";
			productName = "phincon-attendance-appTests";
			productReference = 9595051A27D9BE2A005741CA /* phincon-attendance-appTests.xctest */;
			productType = "com.apple.product-type.bundle.unit-test";
		};
		9595052427D9BE2A005741CA /* phincon-attendance-appUITests */ = {
			isa = PBXNativeTarget;
			buildConfigurationList = 9595053427D9BE2A005741CA /* Build configuration list for PBXNativeTarget "phincon-attendance-appUITests" */;
			buildPhases = (
				4B437EDA7536B79B057BDBB2 /* [CP] Check Pods Manifest.lock */,
				9595052127D9BE2A005741CA /* Sources */,
				9595052227D9BE2A005741CA /* Frameworks */,
				9595052327D9BE2A005741CA /* Resources */,
				BAF6D0220EEA24004EA04370 /* [CP] Embed Pods Frameworks */,
			);
			buildRules = (
			);
			dependencies = (
				9595052727D9BE2A005741CA /* PBXTargetDependency */,
			);
			name = "phincon-attendance-appUITests";
			productName = "phincon-attendance-appUITests";
			productReference = 9595052527D9BE2A005741CA /* phincon-attendance-appUITests.xctest */;
			productType = "com.apple.product-type.bundle.ui-testing";
		};
/* End PBXNativeTarget section */

/* Begin PBXProject section */
		959504F927D9BE25005741CA /* Project object */ = {
			isa = PBXProject;
			attributes = {
				LastSwiftUpdateCheck = 1250;
				LastUpgradeCheck = 1250;
				TargetAttributes = {
					9595050027D9BE25005741CA = {
						CreatedOnToolsVersion = 12.5.1;
					};
					9595051927D9BE2A005741CA = {
						CreatedOnToolsVersion = 12.5.1;
						TestTargetID = 9595050027D9BE25005741CA;
					};
					9595052427D9BE2A005741CA = {
						CreatedOnToolsVersion = 12.5.1;
						TestTargetID = 9595050027D9BE25005741CA;
					};
				};
			};
			buildConfigurationList = 959504FC27D9BE25005741CA /* Build configuration list for PBXProject "phincon-attendance-app" */;
			compatibilityVersion = "Xcode 12.0";
			developmentRegion = en;
			hasScannedForEncodings = 0;
			knownRegions = (
				en,
				Base,
			);
			mainGroup = 959504F827D9BE25005741CA;
			productRefGroup = 9595050227D9BE25005741CA /* Products */;
			projectDirPath = "";
			projectRoot = "";
			targets = (
				9595050027D9BE25005741CA /* phincon-attendance-app */,
				9595051927D9BE2A005741CA /* phincon-attendance-appTests */,
				9595052427D9BE2A005741CA /* phincon-attendance-appUITests */,
			);
		};
/* End PBXProject section */

/* Begin PBXResourcesBuildPhase section */
		959504FF27D9BE25005741CA /* Resources */ = {
			isa = PBXResourcesBuildPhase;
			buildActionMask = 2147483647;
			files = (
				36F0CE8927DF8126001469CC /* DashboardTableCell.xib in Resources */,
				9595051427D9BE29005741CA /* LaunchScreen.storyboard in Resources */,
				E2D75EE527F3F79C002F88A2 /* ProfilePictureTableViewCell.xib in Resources */,
				9595051127D9BE29005741CA /* Assets.xcassets in Resources */,
				9595050C27D9BE25005741CA /* Main.storyboard in Resources */,
				E2D75EEC27F40E62002F88A2 /* EditProfileTableViewCell.xib in Resources */,
				36F0CE9727DFAAD5001469CC /* DayFilterCollViewCell.xib in Resources */,
				36EE8BB627E02744006EB567 /* HistoryTableViewCell.xib in Resources */,
				36DC385D27DA553600EC4164 /* OnboardingCollectionViewCell.xib in Resources */,
				E2FAE34A27EB744C00D97493 /* ProfilTableViewCell.xib in Resources */,
				3674EEE827F30B2700662D8F /* NotificationTableViewCell.xib in Resources */,
			);
			runOnlyForDeploymentPostprocessing = 0;
		};
		9595051827D9BE2A005741CA /* Resources */ = {
			isa = PBXResourcesBuildPhase;
			buildActionMask = 2147483647;
			files = (
			);
			runOnlyForDeploymentPostprocessing = 0;
		};
		9595052327D9BE2A005741CA /* Resources */ = {
			isa = PBXResourcesBuildPhase;
			buildActionMask = 2147483647;
			files = (
			);
			runOnlyForDeploymentPostprocessing = 0;
		};
/* End PBXResourcesBuildPhase section */

/* Begin PBXShellScriptBuildPhase section */
		4B437EDA7536B79B057BDBB2 /* [CP] Check Pods Manifest.lock */ = {
			isa = PBXShellScriptBuildPhase;
			buildActionMask = 2147483647;
			files = (
			);
			inputFileListPaths = (
			);
			inputPaths = (
				"${PODS_PODFILE_DIR_PATH}/Podfile.lock",
				"${PODS_ROOT}/Manifest.lock",
			);
			name = "[CP] Check Pods Manifest.lock";
			outputFileListPaths = (
			);
			outputPaths = (
				"$(DERIVED_FILE_DIR)/Pods-phincon-attendance-app-phincon-attendance-appUITests-checkManifestLockResult.txt",
			);
			runOnlyForDeploymentPostprocessing = 0;
			shellPath = /bin/sh;
			shellScript = "diff \"${PODS_PODFILE_DIR_PATH}/Podfile.lock\" \"${PODS_ROOT}/Manifest.lock\" > /dev/null\nif [ $? != 0 ] ; then\n    # print error to STDERR\n    echo \"error: The sandbox is not in sync with the Podfile.lock. Run 'pod install' or update your CocoaPods installation.\" >&2\n    exit 1\nfi\n# This output is used by Xcode 'outputs' to avoid re-running this script phase.\necho \"SUCCESS\" > \"${SCRIPT_OUTPUT_FILE_0}\"\n";
			showEnvVarsInLog = 0;
		};
		814BAE4CC74CFB57CE392FAE /* [CP] Embed Pods Frameworks */ = {
			isa = PBXShellScriptBuildPhase;
			buildActionMask = 2147483647;
			files = (
			);
			inputFileListPaths = (
				"${PODS_ROOT}/Target Support Files/Pods-phincon-attendance-app/Pods-phincon-attendance-app-frameworks-${CONFIGURATION}-input-files.xcfilelist",
			);
			name = "[CP] Embed Pods Frameworks";
			outputFileListPaths = (
				"${PODS_ROOT}/Target Support Files/Pods-phincon-attendance-app/Pods-phincon-attendance-app-frameworks-${CONFIGURATION}-output-files.xcfilelist",
			);
			runOnlyForDeploymentPostprocessing = 0;
			shellPath = /bin/sh;
			shellScript = "\"${PODS_ROOT}/Target Support Files/Pods-phincon-attendance-app/Pods-phincon-attendance-app-frameworks.sh\"\n";
			showEnvVarsInLog = 0;
		};
		9498D2F0F0B4B64E5F0C35AD /* [CP] Check Pods Manifest.lock */ = {
			isa = PBXShellScriptBuildPhase;
			buildActionMask = 2147483647;
			files = (
			);
			inputFileListPaths = (
			);
			inputPaths = (
				"${PODS_PODFILE_DIR_PATH}/Podfile.lock",
				"${PODS_ROOT}/Manifest.lock",
			);
			name = "[CP] Check Pods Manifest.lock";
			outputFileListPaths = (
			);
			outputPaths = (
				"$(DERIVED_FILE_DIR)/Pods-phincon-attendance-app-checkManifestLockResult.txt",
			);
			runOnlyForDeploymentPostprocessing = 0;
			shellPath = /bin/sh;
			shellScript = "diff \"${PODS_PODFILE_DIR_PATH}/Podfile.lock\" \"${PODS_ROOT}/Manifest.lock\" > /dev/null\nif [ $? != 0 ] ; then\n    # print error to STDERR\n    echo \"error: The sandbox is not in sync with the Podfile.lock. Run 'pod install' or update your CocoaPods installation.\" >&2\n    exit 1\nfi\n# This output is used by Xcode 'outputs' to avoid re-running this script phase.\necho \"SUCCESS\" > \"${SCRIPT_OUTPUT_FILE_0}\"\n";
			showEnvVarsInLog = 0;
		};
		AE97F5BDBB1AEE39D4CE83A9 /* [CP] Check Pods Manifest.lock */ = {
			isa = PBXShellScriptBuildPhase;
			buildActionMask = 2147483647;
			files = (
			);
			inputFileListPaths = (
			);
			inputPaths = (
				"${PODS_PODFILE_DIR_PATH}/Podfile.lock",
				"${PODS_ROOT}/Manifest.lock",
			);
			name = "[CP] Check Pods Manifest.lock";
			outputFileListPaths = (
			);
			outputPaths = (
				"$(DERIVED_FILE_DIR)/Pods-phincon-attendance-appTests-checkManifestLockResult.txt",
			);
			runOnlyForDeploymentPostprocessing = 0;
			shellPath = /bin/sh;
			shellScript = "diff \"${PODS_PODFILE_DIR_PATH}/Podfile.lock\" \"${PODS_ROOT}/Manifest.lock\" > /dev/null\nif [ $? != 0 ] ; then\n    # print error to STDERR\n    echo \"error: The sandbox is not in sync with the Podfile.lock. Run 'pod install' or update your CocoaPods installation.\" >&2\n    exit 1\nfi\n# This output is used by Xcode 'outputs' to avoid re-running this script phase.\necho \"SUCCESS\" > \"${SCRIPT_OUTPUT_FILE_0}\"\n";
			showEnvVarsInLog = 0;
		};
		BAF6D0220EEA24004EA04370 /* [CP] Embed Pods Frameworks */ = {
			isa = PBXShellScriptBuildPhase;
			buildActionMask = 2147483647;
			files = (
			);
			inputFileListPaths = (
				"${PODS_ROOT}/Target Support Files/Pods-phincon-attendance-app-phincon-attendance-appUITests/Pods-phincon-attendance-app-phincon-attendance-appUITests-frameworks-${CONFIGURATION}-input-files.xcfilelist",
			);
			name = "[CP] Embed Pods Frameworks";
			outputFileListPaths = (
				"${PODS_ROOT}/Target Support Files/Pods-phincon-attendance-app-phincon-attendance-appUITests/Pods-phincon-attendance-app-phincon-attendance-appUITests-frameworks-${CONFIGURATION}-output-files.xcfilelist",
			);
			runOnlyForDeploymentPostprocessing = 0;
			shellPath = /bin/sh;
			shellScript = "\"${PODS_ROOT}/Target Support Files/Pods-phincon-attendance-app-phincon-attendance-appUITests/Pods-phincon-attendance-app-phincon-attendance-appUITests-frameworks.sh\"\n";
			showEnvVarsInLog = 0;
		};
/* End PBXShellScriptBuildPhase section */

/* Begin PBXSourcesBuildPhase section */
		959504FD27D9BE25005741CA /* Sources */ = {
			isa = PBXSourcesBuildPhase;
			buildActionMask = 2147483647;
			files = (
				362497D527F845E800CD04FF /* TargetType.swift in Sources */,
				3674EEE227F3088F00662D8F /* NotificationViewController.swift in Sources */,
				E2673FFB27F6E6E1006E3887 /* RegisterViewController.swift in Sources */,
				36174EBA281678A400F538B3 /* SplashScreenPresenter.swift in Sources */,
				9595050F27D9BE25005741CA /* phincon_attendance_app.xcdatamodeld in Sources */,
				3674EEDE27F3088F00662D8F /* NotificationPresenter.swift in Sources */,
				36EA25D627EC45580094876E /* DashboardInteractor.swift in Sources */,
				36174EBF281678A400F538B3 /* SplashScreenInteractor.swift in Sources */,
				362D594C27E9B7FF0022C094 /* HistoryRouter.swift in Sources */,
				3674EEDF27F3088F00662D8F /* NotificationWorker.swift in Sources */,
				E2FAE33F27EB730F00D97493 /* ProfilPresenter.swift in Sources */,
				E2FAE34927EB744C00D97493 /* ProfilTableViewCell.swift in Sources */,
				E2FAE34027EB730F00D97493 /* ProfilWorker.swift in Sources */,
				364B5E62281156D90019B3C5 /* Connectivity.swift in Sources */,
				E2A60F2A27EB036B001BEE6D /* LoginWorker.swift in Sources */,
				E2673FF827F6E6E1006E3887 /* RegisterWorker.swift in Sources */,
				E2A60F2E27EB036B001BEE6D /* LoginInteractor.swift in Sources */,
				E2FAE34327EB730F00D97493 /* ProfilViewController.swift in Sources */,
				E2A60F2927EB036B001BEE6D /* LoginPresenter.swift in Sources */,
				E2D75EEB27F40E62002F88A2 /* EditProfileTableViewCell.swift in Sources */,
				36EE8BB527E02744006EB567 /* HistoryTableViewCell.swift in Sources */,
				3674EEE727F30B2700662D8F /* NotificationTableViewCell.swift in Sources */,
				36EA25CA27EC0F400094876E /* OnBoardingViewController.swift in Sources */,
				3674EEEA27F3714B00662D8F /* Notification.swift in Sources */,
				E2673FEA27F6E69E006E3887 /* ForgotPasswordPresenter.swift in Sources */,
				E2673FF927F6E6E1006E3887 /* RegisterRouter.swift in Sources */,
				9595050527D9BE25005741CA /* AppDelegate.swift in Sources */,
				E2FAE34227EB730F00D97493 /* ProfilModels.swift in Sources */,
				E2673FEB27F6E69E006E3887 /* ForgotPasswordWorker.swift in Sources */,
				E2673FEF27F6E69E006E3887 /* ForgotPasswordInteractor.swift in Sources */,
				3674EEE127F3088F00662D8F /* NotificationModels.swift in Sources */,
				36AF818427FD4CE2009D84A2 /* ImageUtils.swift in Sources */,
				362497D727F84DE000CD04FF /* RouterAPI.swift in Sources */,
				E2673FFC27F6E6E1006E3887 /* RegisterInteractor.swift in Sources */,
				362D594F27E9B7FF0022C094 /* HistoryInteractor.swift in Sources */,
				E2A60F2B27EB036B001BEE6D /* LoginRouter.swift in Sources */,
				E2A60F2C27EB036B001BEE6D /* LoginModels.swift in Sources */,
				E2FAE34127EB730F00D97493 /* ProfilRouter.swift in Sources */,
				E2673FF727F6E6E1006E3887 /* RegisterPresenter.swift in Sources */,
				36174EBE281678A400F538B3 /* SplashScreenVC.swift in Sources */,
				36EA25D227EC45580094876E /* DashboardWorker.swift in Sources */,
				E22DF2E327F3369100336B89 /* ColorUtils.swift in Sources */,
				E2673FED27F6E69E006E3887 /* ForgotPasswordModels.swift in Sources */,
				E2D75EDF27F3E65B002F88A2 /* EditProfileModels.swift in Sources */,
				36EA25C427EC0F050094876E /* OnBoardingPresenter.swift in Sources */,
				E2D75EEE27F41379002F88A2 /* EditProfile.swift in Sources */,
				362497D127F830B800CD04FF /* BaseAPI.swift in Sources */,
				362D594B27E9B7FF0022C094 /* HistoryWorker.swift in Sources */,
				3674EEE327F3088F00662D8F /* NotificationInteractor.swift in Sources */,
				36174EBC281678A400F538B3 /* SplashScreenRouter.swift in Sources */,
				E2A60F2D27EB036B001BEE6D /* LoginViewController.swift in Sources */,
				E2673FEE27F6E69E006E3887 /* ForgotPasswordViewController.swift in Sources */,
				36F0CE8827DF8126001469CC /* DashboardTableCell.swift in Sources */,
				E2D75EDE27F3E65B002F88A2 /* EditProfileRouter.swift in Sources */,
				36174EBB281678A400F538B3 /* SplashScreenWorker.swift in Sources */,
				E2FAE34427EB730F00D97493 /* ProfilInteractor.swift in Sources */,
				36F0CE9A27DFAC56001469CC /* History.swift in Sources */,
				362497CF27F8293000CD04FF /* ConstantAPI.swift in Sources */,
				362497D927F8507800CD04FF /* ClientAPI.swift in Sources */,
				36EA25D127EC45580094876E /* DashboardPresenter.swift in Sources */,
				362D594A27E9B7FF0022C094 /* HistoryPresenter.swift in Sources */,
				E2D75EDC27F3E65B002F88A2 /* EditProfilePresenter.swift in Sources */,
				36EA25C727EC0F050094876E /* OnBoardingModels.swift in Sources */,
				E2D75EE027F3E65B002F88A2 /* EditProfileViewController.swift in Sources */,
				E2D75EE127F3E65B002F88A2 /* EditProfileInteractor.swift in Sources */,
				3674EEE027F3088F00662D8F /* NotificationRouter.swift in Sources */,
				36EA25D527EC45580094876E /* DashboardViewController.swift in Sources */,
				362D594E27E9B7FF0022C094 /* HistoryViewController.swift in Sources */,
				E2D75EE427F3F79C002F88A2 /* ProfilePictureTableViewCell.swift in Sources */,
				362D594D27E9B7FF0022C094 /* HistoryModels.swift in Sources */,
				36F0CE8C27DF8ACB001469CC /* Checkin.swift in Sources */,
				36EA25C627EC0F050094876E /* OnBoardingRouter.swift in Sources */,
				36174EC128167BFC00F538B3 /* SplashScreen.swift in Sources */,
				9595050727D9BE25005741CA /* SceneDelegate.swift in Sources */,
				36DC385F27DA630600EC4164 /* Onboarding.swift in Sources */,
				36C584C127FEF20200442181 /* Users.swift in Sources */,
				36174EBD281678A400F538B3 /* SplashScreenModels.swift in Sources */,
				36EA25C827EC0F050094876E /* OnBoardingInteractor.swift in Sources */,
				36F0CE9627DFAAD5001469CC /* DayFilterCollViewCell.swift in Sources */,
				E2094B4A27ECB19F00A379D9 /* Profile.swift in Sources */,
				36EA25D427EC45580094876E /* DashboardModels.swift in Sources */,
				36EA25C527EC0F050094876E /* OnBoardingWorker.swift in Sources */,
				E2673FEC27F6E69E006E3887 /* ForgotPasswordRouter.swift in Sources */,
				E2673FFA27F6E6E1006E3887 /* RegisterModels.swift in Sources */,
				36DC385C27DA553600EC4164 /* OnboardingCollectionViewCell.swift in Sources */,
				E2D75EDD27F3E65B002F88A2 /* EditProfileWorker.swift in Sources */,
				36EA25D327EC45580094876E /* DashboardRouter.swift in Sources */,
				360B0F8627FBCE9000CB9CEC /* ResponseServer.swift in Sources */,
			);
			runOnlyForDeploymentPostprocessing = 0;
		};
		9595051627D9BE2A005741CA /* Sources */ = {
			isa = PBXSourcesBuildPhase;
			buildActionMask = 2147483647;
			files = (
				9595051F27D9BE2A005741CA /* phincon_attendance_appTests.swift in Sources */,
			);
			runOnlyForDeploymentPostprocessing = 0;
		};
		9595052127D9BE2A005741CA /* Sources */ = {
			isa = PBXSourcesBuildPhase;
			buildActionMask = 2147483647;
			files = (
				9595052A27D9BE2A005741CA /* phincon_attendance_appUITests.swift in Sources */,
			);
			runOnlyForDeploymentPostprocessing = 0;
		};
/* End PBXSourcesBuildPhase section */

/* Begin PBXTargetDependency section */
		9595051C27D9BE2A005741CA /* PBXTargetDependency */ = {
			isa = PBXTargetDependency;
			target = 9595050027D9BE25005741CA /* phincon-attendance-app */;
			targetProxy = 9595051B27D9BE2A005741CA /* PBXContainerItemProxy */;
		};
		9595052727D9BE2A005741CA /* PBXTargetDependency */ = {
			isa = PBXTargetDependency;
			target = 9595050027D9BE25005741CA /* phincon-attendance-app */;
			targetProxy = 9595052627D9BE2A005741CA /* PBXContainerItemProxy */;
		};
/* End PBXTargetDependency section */

/* Begin PBXVariantGroup section */
		9595050A27D9BE25005741CA /* Main.storyboard */ = {
			isa = PBXVariantGroup;
			children = (
				9595050B27D9BE25005741CA /* Base */,
			);
			name = Main.storyboard;
			sourceTree = "<group>";
		};
		9595051227D9BE29005741CA /* LaunchScreen.storyboard */ = {
			isa = PBXVariantGroup;
			children = (
				9595051327D9BE29005741CA /* Base */,
			);
			name = LaunchScreen.storyboard;
			sourceTree = "<group>";
		};
/* End PBXVariantGroup section */

/* Begin XCBuildConfiguration section */
		9595052C27D9BE2A005741CA /* Debug */ = {
			isa = XCBuildConfiguration;
			buildSettings = {
				ALWAYS_SEARCH_USER_PATHS = NO;
				CLANG_ANALYZER_NONNULL = YES;
				CLANG_ANALYZER_NUMBER_OBJECT_CONVERSION = YES_AGGRESSIVE;
				CLANG_CXX_LANGUAGE_STANDARD = "gnu++14";
				CLANG_CXX_LIBRARY = "libc++";
				CLANG_ENABLE_MODULES = YES;
				CLANG_ENABLE_OBJC_ARC = YES;
				CLANG_ENABLE_OBJC_WEAK = YES;
				CLANG_WARN_BLOCK_CAPTURE_AUTORELEASING = YES;
				CLANG_WARN_BOOL_CONVERSION = YES;
				CLANG_WARN_COMMA = YES;
				CLANG_WARN_CONSTANT_CONVERSION = YES;
				CLANG_WARN_DEPRECATED_OBJC_IMPLEMENTATIONS = YES;
				CLANG_WARN_DIRECT_OBJC_ISA_USAGE = YES_ERROR;
				CLANG_WARN_DOCUMENTATION_COMMENTS = YES;
				CLANG_WARN_EMPTY_BODY = YES;
				CLANG_WARN_ENUM_CONVERSION = YES;
				CLANG_WARN_INFINITE_RECURSION = YES;
				CLANG_WARN_INT_CONVERSION = YES;
				CLANG_WARN_NON_LITERAL_NULL_CONVERSION = YES;
				CLANG_WARN_OBJC_IMPLICIT_RETAIN_SELF = YES;
				CLANG_WARN_OBJC_LITERAL_CONVERSION = YES;
				CLANG_WARN_OBJC_ROOT_CLASS = YES_ERROR;
				CLANG_WARN_QUOTED_INCLUDE_IN_FRAMEWORK_HEADER = YES;
				CLANG_WARN_RANGE_LOOP_ANALYSIS = YES;
				CLANG_WARN_STRICT_PROTOTYPES = YES;
				CLANG_WARN_SUSPICIOUS_MOVE = YES;
				CLANG_WARN_UNGUARDED_AVAILABILITY = YES_AGGRESSIVE;
				CLANG_WARN_UNREACHABLE_CODE = YES;
				CLANG_WARN__DUPLICATE_METHOD_MATCH = YES;
				COPY_PHASE_STRIP = NO;
				DEBUG_INFORMATION_FORMAT = dwarf;
				ENABLE_STRICT_OBJC_MSGSEND = YES;
				ENABLE_TESTABILITY = YES;
				GCC_C_LANGUAGE_STANDARD = gnu11;
				GCC_DYNAMIC_NO_PIC = NO;
				GCC_NO_COMMON_BLOCKS = YES;
				GCC_OPTIMIZATION_LEVEL = 0;
				GCC_PREPROCESSOR_DEFINITIONS = (
					"DEBUG=1",
					"$(inherited)",
				);
				GCC_WARN_64_TO_32_BIT_CONVERSION = YES;
				GCC_WARN_ABOUT_RETURN_TYPE = YES_ERROR;
				GCC_WARN_UNDECLARED_SELECTOR = YES;
				GCC_WARN_UNINITIALIZED_AUTOS = YES_AGGRESSIVE;
				GCC_WARN_UNUSED_FUNCTION = YES;
				GCC_WARN_UNUSED_VARIABLE = YES;
				IPHONEOS_DEPLOYMENT_TARGET = 14.5;
				MTL_ENABLE_DEBUG_INFO = INCLUDE_SOURCE;
				MTL_FAST_MATH = YES;
				ONLY_ACTIVE_ARCH = YES;
				SDKROOT = iphoneos;
				SWIFT_ACTIVE_COMPILATION_CONDITIONS = DEBUG;
				SWIFT_OPTIMIZATION_LEVEL = "-Onone";
			};
			name = Debug;
		};
		9595052D27D9BE2A005741CA /* Release */ = {
			isa = XCBuildConfiguration;
			buildSettings = {
				ALWAYS_SEARCH_USER_PATHS = NO;
				CLANG_ANALYZER_NONNULL = YES;
				CLANG_ANALYZER_NUMBER_OBJECT_CONVERSION = YES_AGGRESSIVE;
				CLANG_CXX_LANGUAGE_STANDARD = "gnu++14";
				CLANG_CXX_LIBRARY = "libc++";
				CLANG_ENABLE_MODULES = YES;
				CLANG_ENABLE_OBJC_ARC = YES;
				CLANG_ENABLE_OBJC_WEAK = YES;
				CLANG_WARN_BLOCK_CAPTURE_AUTORELEASING = YES;
				CLANG_WARN_BOOL_CONVERSION = YES;
				CLANG_WARN_COMMA = YES;
				CLANG_WARN_CONSTANT_CONVERSION = YES;
				CLANG_WARN_DEPRECATED_OBJC_IMPLEMENTATIONS = YES;
				CLANG_WARN_DIRECT_OBJC_ISA_USAGE = YES_ERROR;
				CLANG_WARN_DOCUMENTATION_COMMENTS = YES;
				CLANG_WARN_EMPTY_BODY = YES;
				CLANG_WARN_ENUM_CONVERSION = YES;
				CLANG_WARN_INFINITE_RECURSION = YES;
				CLANG_WARN_INT_CONVERSION = YES;
				CLANG_WARN_NON_LITERAL_NULL_CONVERSION = YES;
				CLANG_WARN_OBJC_IMPLICIT_RETAIN_SELF = YES;
				CLANG_WARN_OBJC_LITERAL_CONVERSION = YES;
				CLANG_WARN_OBJC_ROOT_CLASS = YES_ERROR;
				CLANG_WARN_QUOTED_INCLUDE_IN_FRAMEWORK_HEADER = YES;
				CLANG_WARN_RANGE_LOOP_ANALYSIS = YES;
				CLANG_WARN_STRICT_PROTOTYPES = YES;
				CLANG_WARN_SUSPICIOUS_MOVE = YES;
				CLANG_WARN_UNGUARDED_AVAILABILITY = YES_AGGRESSIVE;
				CLANG_WARN_UNREACHABLE_CODE = YES;
				CLANG_WARN__DUPLICATE_METHOD_MATCH = YES;
				COPY_PHASE_STRIP = NO;
				DEBUG_INFORMATION_FORMAT = "dwarf-with-dsym";
				ENABLE_NS_ASSERTIONS = NO;
				ENABLE_STRICT_OBJC_MSGSEND = YES;
				GCC_C_LANGUAGE_STANDARD = gnu11;
				GCC_NO_COMMON_BLOCKS = YES;
				GCC_WARN_64_TO_32_BIT_CONVERSION = YES;
				GCC_WARN_ABOUT_RETURN_TYPE = YES_ERROR;
				GCC_WARN_UNDECLARED_SELECTOR = YES;
				GCC_WARN_UNINITIALIZED_AUTOS = YES_AGGRESSIVE;
				GCC_WARN_UNUSED_FUNCTION = YES;
				GCC_WARN_UNUSED_VARIABLE = YES;
				IPHONEOS_DEPLOYMENT_TARGET = 14.5;
				MTL_ENABLE_DEBUG_INFO = NO;
				MTL_FAST_MATH = YES;
				SDKROOT = iphoneos;
				SWIFT_COMPILATION_MODE = wholemodule;
				SWIFT_OPTIMIZATION_LEVEL = "-O";
				VALIDATE_PRODUCT = YES;
			};
			name = Release;
		};
		9595052F27D9BE2A005741CA /* Debug */ = {
			isa = XCBuildConfiguration;
			baseConfigurationReference = 4866A634656892B05CB5D80A /* Pods-phincon-attendance-app.debug.xcconfig */;
			buildSettings = {
				ASSETCATALOG_COMPILER_APPICON_NAME = AppIcon;
				ASSETCATALOG_COMPILER_GLOBAL_ACCENT_COLOR_NAME = AccentColor;
				CODE_SIGN_STYLE = Automatic;
				DEVELOPMENT_TEAM = L6N9NGKD3Q;
				INFOPLIST_FILE = "phincon-attendance-app/Info.plist";
				IPHONEOS_DEPLOYMENT_TARGET = 13.0;
				LD_RUNPATH_SEARCH_PATHS = (
					"$(inherited)",
					"@executable_path/Frameworks",
				);
				PRODUCT_BUNDLE_IDENTIFIER = "satriya.phincon-attendance-app";
				PRODUCT_NAME = "$(TARGET_NAME)";
				SWIFT_VERSION = 5.0;
				TARGETED_DEVICE_FAMILY = "1,2";
			};
			name = Debug;
		};
		9595053027D9BE2A005741CA /* Release */ = {
			isa = XCBuildConfiguration;
			baseConfigurationReference = 46356B1AB73ACB42BF963D18 /* Pods-phincon-attendance-app.release.xcconfig */;
			buildSettings = {
				ASSETCATALOG_COMPILER_APPICON_NAME = AppIcon;
				ASSETCATALOG_COMPILER_GLOBAL_ACCENT_COLOR_NAME = AccentColor;
				CODE_SIGN_STYLE = Automatic;
				DEVELOPMENT_TEAM = L6N9NGKD3Q;
				INFOPLIST_FILE = "phincon-attendance-app/Info.plist";
				IPHONEOS_DEPLOYMENT_TARGET = 13.0;
				LD_RUNPATH_SEARCH_PATHS = (
					"$(inherited)",
					"@executable_path/Frameworks",
				);
				PRODUCT_BUNDLE_IDENTIFIER = "satriya.phincon-attendance-app";
				PRODUCT_NAME = "$(TARGET_NAME)";
				SWIFT_VERSION = 5.0;
				TARGETED_DEVICE_FAMILY = "1,2";
			};
			name = Release;
		};
		9595053227D9BE2A005741CA /* Debug */ = {
			isa = XCBuildConfiguration;
			baseConfigurationReference = AA73072A46BE95F4DB57DFFF /* Pods-phincon-attendance-appTests.debug.xcconfig */;
			buildSettings = {
				ALWAYS_EMBED_SWIFT_STANDARD_LIBRARIES = YES;
				BUNDLE_LOADER = "$(TEST_HOST)";
				CODE_SIGN_STYLE = Automatic;
				INFOPLIST_FILE = "phincon-attendance-appTests/Info.plist";
				IPHONEOS_DEPLOYMENT_TARGET = 14.5;
				LD_RUNPATH_SEARCH_PATHS = (
					"$(inherited)",
					"@executable_path/Frameworks",
					"@loader_path/Frameworks",
				);
				PRODUCT_BUNDLE_IDENTIFIER = "satriya.phincon-attendance-appTests";
				PRODUCT_NAME = "$(TARGET_NAME)";
				SWIFT_VERSION = 5.0;
				TARGETED_DEVICE_FAMILY = "1,2";
				TEST_HOST = "$(BUILT_PRODUCTS_DIR)/phincon-attendance-app.app/phincon-attendance-app";
			};
			name = Debug;
		};
		9595053327D9BE2A005741CA /* Release */ = {
			isa = XCBuildConfiguration;
			baseConfigurationReference = FF29A235BD904E76C98E2064 /* Pods-phincon-attendance-appTests.release.xcconfig */;
			buildSettings = {
				ALWAYS_EMBED_SWIFT_STANDARD_LIBRARIES = YES;
				BUNDLE_LOADER = "$(TEST_HOST)";
				CODE_SIGN_STYLE = Automatic;
				INFOPLIST_FILE = "phincon-attendance-appTests/Info.plist";
				IPHONEOS_DEPLOYMENT_TARGET = 14.5;
				LD_RUNPATH_SEARCH_PATHS = (
					"$(inherited)",
					"@executable_path/Frameworks",
					"@loader_path/Frameworks",
				);
				PRODUCT_BUNDLE_IDENTIFIER = "satriya.phincon-attendance-appTests";
				PRODUCT_NAME = "$(TARGET_NAME)";
				SWIFT_VERSION = 5.0;
				TARGETED_DEVICE_FAMILY = "1,2";
				TEST_HOST = "$(BUILT_PRODUCTS_DIR)/phincon-attendance-app.app/phincon-attendance-app";
			};
			name = Release;
		};
		9595053527D9BE2A005741CA /* Debug */ = {
			isa = XCBuildConfiguration;
			baseConfigurationReference = 7D252C13FB91BA3690ACA4C4 /* Pods-phincon-attendance-app-phincon-attendance-appUITests.debug.xcconfig */;
			buildSettings = {
				ALWAYS_EMBED_SWIFT_STANDARD_LIBRARIES = YES;
				CODE_SIGN_STYLE = Automatic;
				INFOPLIST_FILE = "phincon-attendance-appUITests/Info.plist";
				LD_RUNPATH_SEARCH_PATHS = (
					"$(inherited)",
					"@executable_path/Frameworks",
					"@loader_path/Frameworks",
				);
				PRODUCT_BUNDLE_IDENTIFIER = "satriya.phincon-attendance-appUITests";
				PRODUCT_NAME = "$(TARGET_NAME)";
				SWIFT_VERSION = 5.0;
				TARGETED_DEVICE_FAMILY = "1,2";
				TEST_TARGET_NAME = "phincon-attendance-app";
			};
			name = Debug;
		};
		9595053627D9BE2A005741CA /* Release */ = {
			isa = XCBuildConfiguration;
			baseConfigurationReference = 1C6F4943F0B33986A066F3D1 /* Pods-phincon-attendance-app-phincon-attendance-appUITests.release.xcconfig */;
			buildSettings = {
				ALWAYS_EMBED_SWIFT_STANDARD_LIBRARIES = YES;
				CODE_SIGN_STYLE = Automatic;
				INFOPLIST_FILE = "phincon-attendance-appUITests/Info.plist";
				LD_RUNPATH_SEARCH_PATHS = (
					"$(inherited)",
					"@executable_path/Frameworks",
					"@loader_path/Frameworks",
				);
				PRODUCT_BUNDLE_IDENTIFIER = "satriya.phincon-attendance-appUITests";
				PRODUCT_NAME = "$(TARGET_NAME)";
				SWIFT_VERSION = 5.0;
				TARGETED_DEVICE_FAMILY = "1,2";
				TEST_TARGET_NAME = "phincon-attendance-app";
			};
			name = Release;
		};
/* End XCBuildConfiguration section */

/* Begin XCConfigurationList section */
		959504FC27D9BE25005741CA /* Build configuration list for PBXProject "phincon-attendance-app" */ = {
			isa = XCConfigurationList;
			buildConfigurations = (
				9595052C27D9BE2A005741CA /* Debug */,
				9595052D27D9BE2A005741CA /* Release */,
			);
			defaultConfigurationIsVisible = 0;
			defaultConfigurationName = Release;
		};
		9595052E27D9BE2A005741CA /* Build configuration list for PBXNativeTarget "phincon-attendance-app" */ = {
			isa = XCConfigurationList;
			buildConfigurations = (
				9595052F27D9BE2A005741CA /* Debug */,
				9595053027D9BE2A005741CA /* Release */,
			);
			defaultConfigurationIsVisible = 0;
			defaultConfigurationName = Release;
		};
		9595053127D9BE2A005741CA /* Build configuration list for PBXNativeTarget "phincon-attendance-appTests" */ = {
			isa = XCConfigurationList;
			buildConfigurations = (
				9595053227D9BE2A005741CA /* Debug */,
				9595053327D9BE2A005741CA /* Release */,
			);
			defaultConfigurationIsVisible = 0;
			defaultConfigurationName = Release;
		};
		9595053427D9BE2A005741CA /* Build configuration list for PBXNativeTarget "phincon-attendance-appUITests" */ = {
			isa = XCConfigurationList;
			buildConfigurations = (
				9595053527D9BE2A005741CA /* Debug */,
				9595053627D9BE2A005741CA /* Release */,
			);
			defaultConfigurationIsVisible = 0;
			defaultConfigurationName = Release;
		};
/* End XCConfigurationList section */

/* Begin XCVersionGroup section */
		9595050D27D9BE25005741CA /* phincon_attendance_app.xcdatamodeld */ = {
			isa = XCVersionGroup;
			children = (
				9595050E27D9BE25005741CA /* phincon_attendance_app.xcdatamodel */,
			);
			currentVersion = 9595050E27D9BE25005741CA /* phincon_attendance_app.xcdatamodel */;
			path = phincon_attendance_app.xcdatamodeld;
			sourceTree = "<group>";
			versionGroupType = wrapper.xcdatamodel;
		};
/* End XCVersionGroup section */
	};
	rootObject = 959504F927D9BE25005741CA /* Project object */;
}
